// !$*UTF8*$!
{
	archiveVersion = 1;
	classes = {
	};
	objectVersion = 46;
	objects = {

/* Begin PBXBuildFile section */
		870723AF1D7EDB9600A9333F /* Circular.swift in Sources */ = {isa = PBXBuildFile; fileRef = 870723AE1D7EDB9600A9333F /* Circular.swift */; };
		870EA92C1D54ADD3008C3380 /* mtlblas.metal in Sources */ = {isa = PBXBuildFile; fileRef = 870EA9261D54ADBF008C3380 /* mtlblas.metal */; };
		870EA92D1D54ADD3008C3380 /* mtlmath.metal in Sources */ = {isa = PBXBuildFile; fileRef = 870EA9271D54ADBF008C3380 /* mtlmath.metal */; };
		870EA92E1D54ADD3008C3380 /* mtlrand.metal in Sources */ = {isa = PBXBuildFile; fileRef = 870EA9281D54ADBF008C3380 /* mtlrand.metal */; };
		8719AE4D1D38BBE500F8DCA4 /* CellTests.swift in Sources */ = {isa = PBXBuildFile; fileRef = 8719AE4B1D38BB9800F8DCA4 /* CellTests.swift */; };
		873934B31D42FD7800888988 /* Blob.swift in Sources */ = {isa = PBXBuildFile; fileRef = 873934B21D42FD7800888988 /* Blob.swift */; };
		873BFCAA1D4359BE00F61B4B /* LaObjetTests.swift in Sources */ = {isa = PBXBuildFile; fileRef = 873BFCA91D4359BE00F61B4B /* LaObjetTests.swift */; };
		874347A01D6EF8E400B54F70 /* CL3.h in Headers */ = {isa = PBXBuildFile; fileRef = 8743479F1D6EF8E400B54F70 /* CL3.h */; settings = {ATTRIBUTES = (Public, ); }; };
		874347A71D6EF8E500B54F70 /* CL3.framework in Frameworks */ = {isa = PBXBuildFile; fileRef = 8743479D1D6EF8E400B54F70 /* CL3.framework */; };
		874347AC1D6EF8E500B54F70 /* CL3Tests.swift in Sources */ = {isa = PBXBuildFile; fileRef = 874347AB1D6EF8E500B54F70 /* CL3Tests.swift */; };
		874347CC1D6EF92200B54F70 /* Context.c in Sources */ = {isa = PBXBuildFile; fileRef = 874347CB1D6EF92200B54F70 /* Context.c */; };
		874347CE1D6EF92700B54F70 /* Context.h in Headers */ = {isa = PBXBuildFile; fileRef = 874347CD1D6EF92700B54F70 /* Context.h */; settings = {ATTRIBUTES = (Public, ); }; };
		874347CF1D6EF93400B54F70 /* OpenCL.framework in Frameworks */ = {isa = PBXBuildFile; fileRef = 874347C91D6EF91800B54F70 /* OpenCL.framework */; };
		874347D31D6F014D00B54F70 /* Bridge.m in Sources */ = {isa = PBXBuildFile; fileRef = 874347D21D6F014D00B54F70 /* Bridge.m */; };
		874347D51D6F015200B54F70 /* Bridge.h in Headers */ = {isa = PBXBuildFile; fileRef = 874347D41D6F015200B54F70 /* Bridge.h */; };
		874347D81D6F024600B54F70 /* clblas.cl in Resources */ = {isa = PBXBuildFile; fileRef = 874347D71D6F024600B54F70 /* clblas.cl */; };
		8746B0731D7DC6460052C001 /* Refraction.swift in Sources */ = {isa = PBXBuildFile; fileRef = 8746B0721D7DC6460052C001 /* Refraction.swift */; };
		8746B0761D7F987A0052C001 /* MNIST.framework in Frameworks */ = {isa = PBXBuildFile; fileRef = 878C7AA31D01AF13002CDFD1 /* MNIST.framework */; };
		874D7F131D7D36F80055162F /* Chebyshev.swift in Sources */ = {isa = PBXBuildFile; fileRef = 874D7F121D7D36F80055162F /* Chebyshev.swift */; };
		875DD1971D64532800A5C250 /* mtlrender.metal in Sources */ = {isa = PBXBuildFile; fileRef = 875DD1951D6452E100A5C250 /* mtlrender.metal */; };
		875DD1AA1D66B4DF00A5C250 /* Cauchy.swift in Sources */ = {isa = PBXBuildFile; fileRef = 875DD1A31D66B25300A5C250 /* Cauchy.swift */; };
		875DD1AB1D66B4E200A5C250 /* mtlcauchy.metal in Sources */ = {isa = PBXBuildFile; fileRef = 875DD1A61D66B33800A5C250 /* mtlcauchy.metal */; };
		875DD1AC1D66B4ED00A5C250 /* CauchyTests.swift in Sources */ = {isa = PBXBuildFile; fileRef = 875DD1A81D66B47E00A5C250 /* CauchyTests.swift */; };
		875DD1AF1D66DFB700A5C250 /* Art.swift in Sources */ = {isa = PBXBuildFile; fileRef = 875DD1AE1D66DFB700A5C250 /* Art.swift */; };
		875DD1B21D66E4DF00A5C250 /* mtlart.metal in Sources */ = {isa = PBXBuildFile; fileRef = 875DD1B11D66E4DF00A5C250 /* mtlart.metal */; };
		875DD1C11D6AD8A900A5C250 /* Misc.swift in Sources */ = {isa = PBXBuildFile; fileRef = 875DD1C01D6AD8A900A5C250 /* Misc.swift */; };
		875DD1C31D6C11B600A5C250 /* ArtTests.swift in Sources */ = {isa = PBXBuildFile; fileRef = 875DD1C21D6C11B600A5C250 /* ArtTests.swift */; };
		875DD1DA1D6C5FC800A5C250 /* CIFAR10.h in Headers */ = {isa = PBXBuildFile; fileRef = 875DD1D91D6C5FC800A5C250 /* CIFAR10.h */; settings = {ATTRIBUTES = (Public, ); }; };
		875DD1E01D6C5FDF00A5C250 /* CIFAR10.swift in Sources */ = {isa = PBXBuildFile; fileRef = 875DD1DF1D6C5FDF00A5C250 /* CIFAR10.swift */; };
		875DD1EC1D6C61A100A5C250 /* data_batch_1.bin in Resources */ = {isa = PBXBuildFile; fileRef = 875DD1EB1D6C61A100A5C250 /* data_batch_1.bin */; };
		875DD1EE1D6C61A400A5C250 /* data_batch_2.bin in Resources */ = {isa = PBXBuildFile; fileRef = 875DD1ED1D6C61A400A5C250 /* data_batch_2.bin */; };
		875DD1F01D6C61A600A5C250 /* data_batch_3.bin in Resources */ = {isa = PBXBuildFile; fileRef = 875DD1EF1D6C61A600A5C250 /* data_batch_3.bin */; };
		875DD1F21D6C61A800A5C250 /* data_batch_4.bin in Resources */ = {isa = PBXBuildFile; fileRef = 875DD1F11D6C61A800A5C250 /* data_batch_4.bin */; };
		875DD1F41D6C61AA00A5C250 /* data_batch_5.bin in Resources */ = {isa = PBXBuildFile; fileRef = 875DD1F31D6C61AA00A5C250 /* data_batch_5.bin */; };
		875DD1F61D6C61AC00A5C250 /* test_batch.bin in Resources */ = {isa = PBXBuildFile; fileRef = 875DD1F51D6C61AC00A5C250 /* test_batch.bin */; };
		875DD1F81D6C61AE00A5C250 /* batches.meta.txt in Resources */ = {isa = PBXBuildFile; fileRef = 875DD1F71D6C61AE00A5C250 /* batches.meta.txt */; };
		875DD20D1D6C6DB900A5C250 /* t10k-images-idx3-ubyte in Resources */ = {isa = PBXBuildFile; fileRef = 875DD20C1D6C6DB900A5C250 /* t10k-images-idx3-ubyte */; };
		875DD20F1D6C6DBD00A5C250 /* t10k-labels-idx1-ubyte in Resources */ = {isa = PBXBuildFile; fileRef = 875DD20E1D6C6DBD00A5C250 /* t10k-labels-idx1-ubyte */; };
		875DD2111D6C6DC100A5C250 /* train-images-idx3-ubyte in Resources */ = {isa = PBXBuildFile; fileRef = 875DD2101D6C6DC100A5C250 /* train-images-idx3-ubyte */; };
		875DD2131D6C6DC400A5C250 /* train-labels-idx1-ubyte in Resources */ = {isa = PBXBuildFile; fileRef = 875DD2121D6C6DC400A5C250 /* train-labels-idx1-ubyte */; };
		875DD2681D6C8D1200A5C250 /* C³.h in Headers */ = {isa = PBXBuildFile; fileRef = 87B1FD2C1D05467800981CF4 /* C³.h */; settings = {ATTRIBUTES = (Public, ); }; };
		875DD28D1D6D81E000A5C250 /* mtldecay.metal in Sources */ = {isa = PBXBuildFile; fileRef = 875DD28C1D6D81E000A5C250 /* mtldecay.metal */; };
		876A4B561D066EDC00D32E1B /* EdgeTests.swift in Sources */ = {isa = PBXBuildFile; fileRef = 876A4B551D066EDC00D32E1B /* EdgeTests.swift */; };
		87745FCC1D76D88800B90B5E /* RMSprop.swift in Sources */ = {isa = PBXBuildFile; fileRef = 87745FCB1D76D88800B90B5E /* RMSprop.swift */; };
		87745FCF1D76E0A000B90B5E /* SMORMS3.swift in Sources */ = {isa = PBXBuildFile; fileRef = 87745FCE1D76E0A000B90B5E /* SMORMS3.swift */; };
		87745FD21D76E83300B90B5E /* Adam.swift in Sources */ = {isa = PBXBuildFile; fileRef = 87745FD11D76E83300B90B5E /* Adam.swift */; };
		878C7A921D01AF05002CDFD1 /* AppDelegate.swift in Sources */ = {isa = PBXBuildFile; fileRef = 878C7A911D01AF05002CDFD1 /* AppDelegate.swift */; };
		878C7A941D01AF05002CDFD1 /* ViewController.swift in Sources */ = {isa = PBXBuildFile; fileRef = 878C7A931D01AF05002CDFD1 /* ViewController.swift */; };
		878C7A961D01AF05002CDFD1 /* Assets.xcassets in Resources */ = {isa = PBXBuildFile; fileRef = 878C7A951D01AF05002CDFD1 /* Assets.xcassets */; };
		878C7A991D01AF05002CDFD1 /* Main.storyboard in Resources */ = {isa = PBXBuildFile; fileRef = 878C7A971D01AF05002CDFD1 /* Main.storyboard */; };
		878C7AAA1D01AF13002CDFD1 /* MNIST.framework in Frameworks */ = {isa = PBXBuildFile; fileRef = 878C7AA31D01AF13002CDFD1 /* MNIST.framework */; };
		878C7AAB1D01AF13002CDFD1 /* MNIST.framework in Embed Frameworks */ = {isa = PBXBuildFile; fileRef = 878C7AA31D01AF13002CDFD1 /* MNIST.framework */; settings = {ATTRIBUTES = (CodeSignOnCopy, RemoveHeadersOnCopy, ); }; };
		878C7AC71D01AF92002CDFD1 /* MNIST.swift in Sources */ = {isa = PBXBuildFile; fileRef = 878C7AC61D01AF92002CDFD1 /* MNIST.swift */; };
		878C7AE51D01B044002CDFD1 /* MNIST.h in Headers */ = {isa = PBXBuildFile; fileRef = 878C7AA51D01AF13002CDFD1 /* MNIST.h */; settings = {ATTRIBUTES = (Public, ); }; };
		87A42CC71D4F5F58008D9708 /* Feedbax.swift in Sources */ = {isa = PBXBuildFile; fileRef = 87A42CC51D4F5D68008D9708 /* Feedbax.swift */; };
		87AE7C941D7559990061F229 /* QuasiNewton.swift in Sources */ = {isa = PBXBuildFile; fileRef = 87AE7C921D7558F80061F229 /* QuasiNewton.swift */; };
		87AE7C971D755E720061F229 /* OptimizerTests.swift in Sources */ = {isa = PBXBuildFile; fileRef = 87AE7C951D755CBF0061F229 /* OptimizerTests.swift */; };
		87AE7C9A1D759F350061F229 /* ConjugateGradient.swift in Sources */ = {isa = PBXBuildFile; fileRef = 87AE7C991D759F350061F229 /* ConjugateGradient.swift */; };
		87AE7C9D1D767B290061F229 /* GradientOptimizer.swift in Sources */ = {isa = PBXBuildFile; fileRef = 87AE7C9C1D767B290061F229 /* GradientOptimizer.swift */; };
		87AE7CA01D76D1EB0061F229 /* Momentum.swift in Sources */ = {isa = PBXBuildFile; fileRef = 87AE7C9F1D76D1EB0061F229 /* Momentum.swift */; };
		87B1FD0B1D05461200981CF4 /* C3.framework in Frameworks */ = {isa = PBXBuildFile; fileRef = 87B1FD011D05461100981CF4 /* C3.framework */; };
		87B1FD161D05461200981CF4 /* C3.framework in Frameworks */ = {isa = PBXBuildFile; fileRef = 87B1FD011D05461100981CF4 /* C3.framework */; };
		87B1FD171D05461200981CF4 /* C3.framework in Embed Frameworks */ = {isa = PBXBuildFile; fileRef = 87B1FD011D05461100981CF4 /* C3.framework */; settings = {ATTRIBUTES = (CodeSignOnCopy, RemoveHeadersOnCopy, ); }; };
		87B1FD311D0546B500981CF4 /* Cell.swift in Sources */ = {isa = PBXBuildFile; fileRef = 87B1FD1E1D05466D00981CF4 /* Cell.swift */; };
		87B1FD321D0546B500981CF4 /* Config.swift in Sources */ = {isa = PBXBuildFile; fileRef = 87B1FD1F1D05466D00981CF4 /* Config.swift */; };
		87B1FD331D0546B500981CF4 /* Context.swift in Sources */ = {isa = PBXBuildFile; fileRef = 87B1FD201D05466D00981CF4 /* Context.swift */; };
		87B1FD341D0546B500981CF4 /* Dict.swift in Sources */ = {isa = PBXBuildFile; fileRef = 87B1FD211D05466D00981CF4 /* Dict.swift */; };
		87B1FD351D0546B500981CF4 /* Edge.swift in Sources */ = {isa = PBXBuildFile; fileRef = 87B1FD221D05466D00981CF4 /* Edge.swift */; };
		87B1FD361D0546B500981CF4 /* Error.swift in Sources */ = {isa = PBXBuildFile; fileRef = 87B1FD231D05466D00981CF4 /* Error.swift */; };
		87B1FD3B1D0546C700981CF4 /* C³.xcdatamodeld in Sources */ = {isa = PBXBuildFile; fileRef = 87B1FD381D0546BF00981CF4 /* C³.xcdatamodeld */; };
		87B1FD3C1D0546FC00981CF4 /* BiasTests.swift in Sources */ = {isa = PBXBuildFile; fileRef = 87B1FD2D1D05468600981CF4 /* BiasTests.swift */; };
		87B9C0271D49249900534528 /* MNISTTest.swift in Sources */ = {isa = PBXBuildFile; fileRef = 87B9C0261D49249900534528 /* MNISTTest.swift */; };
		87BC8D911D55D19D004510EF /* mtlbias.metal in Sources */ = {isa = PBXBuildFile; fileRef = 87BC8D8F1D55D103004510EF /* mtlbias.metal */; };
		87BC8D941D55E071004510EF /* mtledge.metal in Sources */ = {isa = PBXBuildFile; fileRef = 87BC8D931D55E071004510EF /* mtledge.metal */; };
		87BC8D971D55E544004510EF /* mtlgauss.metal in Sources */ = {isa = PBXBuildFile; fileRef = 87BC8D961D55E544004510EF /* mtlgauss.metal */; };
		87BCEBFC1D4D763D00FC3099 /* Bias.swift in Sources */ = {isa = PBXBuildFile; fileRef = 87BCEBFB1D4D763D00FC3099 /* Bias.swift */; };
		87BCEBFE1D4D764100FC3099 /* Decay.swift in Sources */ = {isa = PBXBuildFile; fileRef = 87BCEBFD1D4D764100FC3099 /* Decay.swift */; };
		87BCEC001D4D765000FC3099 /* Gaussian.swift in Sources */ = {isa = PBXBuildFile; fileRef = 87BCEBFF1D4D765000FC3099 /* Gaussian.swift */; };
		87CFDE871D74321A00716188 /* Arcane.swift in Sources */ = {isa = PBXBuildFile; fileRef = 87ED4FDA1D7430E100019209 /* Arcane.swift */; };
		87CFDE981D7441AB00716188 /* Distribution.swift in Sources */ = {isa = PBXBuildFile; fileRef = 87CFDE971D7441AB00716188 /* Distribution.swift */; };
		87CFDE9A1D744BD600716188 /* GaussianTests.swift in Sources */ = {isa = PBXBuildFile; fileRef = 87CFDE991D744BD600716188 /* GaussianTests.swift */; };
		87CFDE9C1D753C2200716188 /* ArcaneTests.swift in Sources */ = {isa = PBXBuildFile; fileRef = 87CFDE9B1D753C2200716188 /* ArcaneTests.swift */; };
		87D18E331D3F18B300982020 /* LaObjet.swift in Sources */ = {isa = PBXBuildFile; fileRef = 87D18E321D3F18B300982020 /* LaObjet.swift */; };
		87D3F17C1D6CB1C300FA8C80 /* AppDelegate.swift in Sources */ = {isa = PBXBuildFile; fileRef = 87D3F17B1D6CB1C300FA8C80 /* AppDelegate.swift */; };
		87D3F17E1D6CB1C300FA8C80 /* ViewController.swift in Sources */ = {isa = PBXBuildFile; fileRef = 87D3F17D1D6CB1C300FA8C80 /* ViewController.swift */; };
		87D3F1801D6CB1C300FA8C80 /* Assets.xcassets in Resources */ = {isa = PBXBuildFile; fileRef = 87D3F17F1D6CB1C300FA8C80 /* Assets.xcassets */; };
		87D3F1831D6CB1C300FA8C80 /* Main.storyboard in Resources */ = {isa = PBXBuildFile; fileRef = 87D3F1811D6CB1C300FA8C80 /* Main.storyboard */; };
		87D8B4061D4B6E590010EA4F /* BlasTests.swift in Sources */ = {isa = PBXBuildFile; fileRef = 87D8B4051D4B6E590010EA4F /* BlasTests.swift */; };
		87F2A6CA1D73C8190090A509 /* main.swift in Sources */ = {isa = PBXBuildFile; fileRef = 87F2A6C91D73C8190090A509 /* main.swift */; };
		87F2A6CF1D73C82D0090A509 /* metal.metal in Sources */ = {isa = PBXBuildFile; fileRef = 87F2A6CE1D73C82D0090A509 /* metal.metal */; };
		87F6AC071D5B8C5B005710FF /* mtlcell.metal in Sources */ = {isa = PBXBuildFile; fileRef = 87F6AC061D5B8C5B005710FF /* mtlcell.metal */; };
/* End PBXBuildFile section */

/* Begin PBXContainerItemProxy section */
		874347A81D6EF8E500B54F70 /* PBXContainerItemProxy */ = {
			isa = PBXContainerItemProxy;
			containerPortal = 878C7A581D01AE4D002CDFD1 /* Project object */;
			proxyType = 1;
			remoteGlobalIDString = 8743479C1D6EF8E400B54F70;
			remoteInfo = CL3;
		};
		878C7AA81D01AF13002CDFD1 /* PBXContainerItemProxy */ = {
			isa = PBXContainerItemProxy;
			containerPortal = 878C7A581D01AE4D002CDFD1 /* Project object */;
			proxyType = 1;
			remoteGlobalIDString = 878C7AA21D01AF13002CDFD1;
			remoteInfo = MNIST;
		};
		87B1FD0C1D05461200981CF4 /* PBXContainerItemProxy */ = {
			isa = PBXContainerItemProxy;
			containerPortal = 878C7A581D01AE4D002CDFD1 /* Project object */;
			proxyType = 1;
			remoteGlobalIDString = 87B1FD001D05461100981CF4;
			remoteInfo = "C³";
		};
		87B1FD141D05461200981CF4 /* PBXContainerItemProxy */ = {
			isa = PBXContainerItemProxy;
			containerPortal = 878C7A581D01AE4D002CDFD1 /* Project object */;
			proxyType = 1;
			remoteGlobalIDString = 87B1FD001D05461100981CF4;
			remoteInfo = "C³";
		};
/* End PBXContainerItemProxy section */

/* Begin PBXCopyFilesBuildPhase section */
		875DD1F91D6C61FA00A5C250 /* CopyFiles */ = {
			isa = PBXCopyFilesBuildPhase;
			buildActionMask = 2147483647;
			dstPath = "";
			dstSubfolderSpec = 7;
			files = (
			);
			runOnlyForDeploymentPostprocessing = 0;
		};
		878C7AAF1D01AF13002CDFD1 /* Embed Frameworks */ = {
			isa = PBXCopyFilesBuildPhase;
			buildActionMask = 2147483647;
			dstPath = "";
			dstSubfolderSpec = 10;
			files = (
				87B1FD171D05461200981CF4 /* C3.framework in Embed Frameworks */,
				878C7AAB1D01AF13002CDFD1 /* MNIST.framework in Embed Frameworks */,
			);
			name = "Embed Frameworks";
			runOnlyForDeploymentPostprocessing = 0;
		};
		87F2A6C51D73C8190090A509 /* CopyFiles */ = {
			isa = PBXCopyFilesBuildPhase;
			buildActionMask = 2147483647;
			dstPath = /usr/share/man/man1/;
			dstSubfolderSpec = 0;
			files = (
			);
			runOnlyForDeploymentPostprocessing = 1;
		};
/* End PBXCopyFilesBuildPhase section */

/* Begin PBXFileReference section */
		870723AE1D7EDB9600A9333F /* Circular.swift */ = {isa = PBXFileReference; fileEncoding = 4; lastKnownFileType = sourcecode.swift; name = Circular.swift; path = "../../C³/Circular.swift"; sourceTree = "<group>"; };
		870EA9261D54ADBF008C3380 /* mtlblas.metal */ = {isa = PBXFileReference; fileEncoding = 4; lastKnownFileType = sourcecode.metal; name = mtlblas.metal; path = "../../C³/mtlblas.metal"; sourceTree = "<group>"; };
		870EA9271D54ADBF008C3380 /* mtlmath.metal */ = {isa = PBXFileReference; fileEncoding = 4; lastKnownFileType = sourcecode.metal; name = mtlmath.metal; path = "../../C³/mtlmath.metal"; sourceTree = "<group>"; };
		870EA9281D54ADBF008C3380 /* mtlrand.metal */ = {isa = PBXFileReference; fileEncoding = 4; lastKnownFileType = sourcecode.metal; name = mtlrand.metal; path = "../../C³/mtlrand.metal"; sourceTree = "<group>"; };
		8719AE4B1D38BB9800F8DCA4 /* CellTests.swift */ = {isa = PBXFileReference; fileEncoding = 4; lastKnownFileType = sourcecode.swift; path = CellTests.swift; sourceTree = "<group>"; };
		873934B21D42FD7800888988 /* Blob.swift */ = {isa = PBXFileReference; lastKnownFileType = sourcecode.swift; name = Blob.swift; path = "../../C³/Blob.swift"; sourceTree = "<group>"; };
		873BFCA91D4359BE00F61B4B /* LaObjetTests.swift */ = {isa = PBXFileReference; fileEncoding = 4; lastKnownFileType = sourcecode.swift; path = LaObjetTests.swift; sourceTree = "<group>"; };
		8743479D1D6EF8E400B54F70 /* CL3.framework */ = {isa = PBXFileReference; explicitFileType = wrapper.framework; includeInIndex = 0; path = CL3.framework; sourceTree = BUILT_PRODUCTS_DIR; };
		8743479F1D6EF8E400B54F70 /* CL3.h */ = {isa = PBXFileReference; lastKnownFileType = sourcecode.c.h; path = CL3.h; sourceTree = "<group>"; };
		874347A11D6EF8E400B54F70 /* Info.plist */ = {isa = PBXFileReference; lastKnownFileType = text.plist.xml; path = Info.plist; sourceTree = "<group>"; };
		874347A61D6EF8E500B54F70 /* CL3Tests.xctest */ = {isa = PBXFileReference; explicitFileType = wrapper.cfbundle; includeInIndex = 0; path = CL3Tests.xctest; sourceTree = BUILT_PRODUCTS_DIR; };
		874347AB1D6EF8E500B54F70 /* CL3Tests.swift */ = {isa = PBXFileReference; lastKnownFileType = sourcecode.swift; path = CL3Tests.swift; sourceTree = "<group>"; };
		874347AD1D6EF8E500B54F70 /* Info.plist */ = {isa = PBXFileReference; lastKnownFileType = text.plist.xml; path = Info.plist; sourceTree = "<group>"; };
		874347C91D6EF91800B54F70 /* OpenCL.framework */ = {isa = PBXFileReference; lastKnownFileType = wrapper.framework; name = OpenCL.framework; path = System/Library/Frameworks/OpenCL.framework; sourceTree = SDKROOT; };
		874347CB1D6EF92200B54F70 /* Context.c */ = {isa = PBXFileReference; lastKnownFileType = sourcecode.c.c; name = Context.c; path = ../../CL3/Context.c; sourceTree = "<group>"; };
		874347CD1D6EF92700B54F70 /* Context.h */ = {isa = PBXFileReference; lastKnownFileType = sourcecode.c.h; name = Context.h; path = ../../CL3/Context.h; sourceTree = "<group>"; };
		874347D21D6F014D00B54F70 /* Bridge.m */ = {isa = PBXFileReference; lastKnownFileType = sourcecode.c.objc; name = Bridge.m; path = ../../CL3/Bridge.m; sourceTree = "<group>"; };
		874347D41D6F015200B54F70 /* Bridge.h */ = {isa = PBXFileReference; lastKnownFileType = sourcecode.c.h; name = Bridge.h; path = ../../CL3/Bridge.h; sourceTree = "<group>"; };
		874347D71D6F024600B54F70 /* clblas.cl */ = {isa = PBXFileReference; explicitFileType = text; name = clblas.cl; path = ../../CL3/clblas.cl; sourceTree = "<group>"; };
		8746B0721D7DC6460052C001 /* Refraction.swift */ = {isa = PBXFileReference; fileEncoding = 4; lastKnownFileType = sourcecode.swift; name = Refraction.swift; path = "../../C³/Refraction.swift"; sourceTree = "<group>"; };
		874D7F121D7D36F80055162F /* Chebyshev.swift */ = {isa = PBXFileReference; fileEncoding = 4; lastKnownFileType = sourcecode.swift; name = Chebyshev.swift; path = "../../C³/Chebyshev.swift"; sourceTree = "<group>"; };
		875DD1951D6452E100A5C250 /* mtlrender.metal */ = {isa = PBXFileReference; fileEncoding = 4; lastKnownFileType = sourcecode.metal; name = mtlrender.metal; path = "../../C³/mtlrender.metal"; sourceTree = "<group>"; };
		875DD1A31D66B25300A5C250 /* Cauchy.swift */ = {isa = PBXFileReference; fileEncoding = 4; lastKnownFileType = sourcecode.swift; name = Cauchy.swift; path = "../../C³/Cauchy.swift"; sourceTree = "<group>"; };
		875DD1A61D66B33800A5C250 /* mtlcauchy.metal */ = {isa = PBXFileReference; fileEncoding = 4; lastKnownFileType = sourcecode.metal; name = mtlcauchy.metal; path = "../../C³/mtlcauchy.metal"; sourceTree = "<group>"; };
		875DD1A81D66B47E00A5C250 /* CauchyTests.swift */ = {isa = PBXFileReference; fileEncoding = 4; lastKnownFileType = sourcecode.swift; path = CauchyTests.swift; sourceTree = "<group>"; };
		875DD1AE1D66DFB700A5C250 /* Art.swift */ = {isa = PBXFileReference; fileEncoding = 4; lastKnownFileType = sourcecode.swift; name = Art.swift; path = "../../C³/Art.swift"; sourceTree = "<group>"; };
		875DD1B11D66E4DF00A5C250 /* mtlart.metal */ = {isa = PBXFileReference; fileEncoding = 4; lastKnownFileType = sourcecode.metal; name = mtlart.metal; path = "../../C³/mtlart.metal"; sourceTree = "<group>"; };
		875DD1C01D6AD8A900A5C250 /* Misc.swift */ = {isa = PBXFileReference; fileEncoding = 4; lastKnownFileType = sourcecode.swift; name = Misc.swift; path = "../../C³/Misc.swift"; sourceTree = "<group>"; };
		875DD1C21D6C11B600A5C250 /* ArtTests.swift */ = {isa = PBXFileReference; fileEncoding = 4; lastKnownFileType = sourcecode.swift; path = ArtTests.swift; sourceTree = "<group>"; };
		875DD1D71D6C5FC800A5C250 /* CIFAR10.framework */ = {isa = PBXFileReference; explicitFileType = wrapper.framework; includeInIndex = 0; path = CIFAR10.framework; sourceTree = BUILT_PRODUCTS_DIR; };
		875DD1D91D6C5FC800A5C250 /* CIFAR10.h */ = {isa = PBXFileReference; lastKnownFileType = sourcecode.c.h; path = CIFAR10.h; sourceTree = "<group>"; };
		875DD1DB1D6C5FC800A5C250 /* Info.plist */ = {isa = PBXFileReference; lastKnownFileType = text.plist.xml; path = Info.plist; sourceTree = "<group>"; };
		875DD1DF1D6C5FDF00A5C250 /* CIFAR10.swift */ = {isa = PBXFileReference; lastKnownFileType = sourcecode.swift; name = CIFAR10.swift; path = ../../CIFAR10/CIFAR10.swift; sourceTree = "<group>"; };
		875DD1EB1D6C61A100A5C250 /* data_batch_1.bin */ = {isa = PBXFileReference; lastKnownFileType = archive.macbinary; name = data_batch_1.bin; path = "../../CIFAR10/cifar-10-batches-bin/data_batch_1.bin"; sourceTree = "<group>"; };
		875DD1ED1D6C61A400A5C250 /* data_batch_2.bin */ = {isa = PBXFileReference; lastKnownFileType = archive.macbinary; name = data_batch_2.bin; path = "../../CIFAR10/cifar-10-batches-bin/data_batch_2.bin"; sourceTree = "<group>"; };
		875DD1EF1D6C61A600A5C250 /* data_batch_3.bin */ = {isa = PBXFileReference; lastKnownFileType = archive.macbinary; name = data_batch_3.bin; path = "../../CIFAR10/cifar-10-batches-bin/data_batch_3.bin"; sourceTree = "<group>"; };
		875DD1F11D6C61A800A5C250 /* data_batch_4.bin */ = {isa = PBXFileReference; lastKnownFileType = archive.macbinary; name = data_batch_4.bin; path = "../../CIFAR10/cifar-10-batches-bin/data_batch_4.bin"; sourceTree = "<group>"; };
		875DD1F31D6C61AA00A5C250 /* data_batch_5.bin */ = {isa = PBXFileReference; lastKnownFileType = archive.macbinary; name = data_batch_5.bin; path = "../../CIFAR10/cifar-10-batches-bin/data_batch_5.bin"; sourceTree = "<group>"; };
		875DD1F51D6C61AC00A5C250 /* test_batch.bin */ = {isa = PBXFileReference; lastKnownFileType = archive.macbinary; name = test_batch.bin; path = "../../CIFAR10/cifar-10-batches-bin/test_batch.bin"; sourceTree = "<group>"; };
		875DD1F71D6C61AE00A5C250 /* batches.meta.txt */ = {isa = PBXFileReference; lastKnownFileType = text; name = batches.meta.txt; path = "../../CIFAR10/cifar-10-batches-bin/batches.meta.txt"; sourceTree = "<group>"; };
		875DD20C1D6C6DB900A5C250 /* t10k-images-idx3-ubyte */ = {isa = PBXFileReference; lastKnownFileType = text; name = "t10k-images-idx3-ubyte"; path = "../../MNIST/t10k-images-idx3-ubyte"; sourceTree = "<group>"; };
		875DD20E1D6C6DBD00A5C250 /* t10k-labels-idx1-ubyte */ = {isa = PBXFileReference; lastKnownFileType = text; name = "t10k-labels-idx1-ubyte"; path = "../../MNIST/t10k-labels-idx1-ubyte"; sourceTree = "<group>"; };
		875DD2101D6C6DC100A5C250 /* train-images-idx3-ubyte */ = {isa = PBXFileReference; lastKnownFileType = text; name = "train-images-idx3-ubyte"; path = "../../MNIST/train-images-idx3-ubyte"; sourceTree = "<group>"; };
		875DD2121D6C6DC400A5C250 /* train-labels-idx1-ubyte */ = {isa = PBXFileReference; lastKnownFileType = text; name = "train-labels-idx1-ubyte"; path = "../../MNIST/train-labels-idx1-ubyte"; sourceTree = "<group>"; };
		875DD28C1D6D81E000A5C250 /* mtldecay.metal */ = {isa = PBXFileReference; lastKnownFileType = sourcecode.metal; name = mtldecay.metal; path = "../../C³/mtldecay.metal"; sourceTree = "<group>"; };
		876A4B551D066EDC00D32E1B /* EdgeTests.swift */ = {isa = PBXFileReference; fileEncoding = 4; lastKnownFileType = sourcecode.swift; path = EdgeTests.swift; sourceTree = "<group>"; };
		87745FCB1D76D88800B90B5E /* RMSprop.swift */ = {isa = PBXFileReference; fileEncoding = 4; lastKnownFileType = sourcecode.swift; name = RMSprop.swift; path = "../../C³/RMSprop.swift"; sourceTree = "<group>"; };
		87745FCE1D76E0A000B90B5E /* SMORMS3.swift */ = {isa = PBXFileReference; fileEncoding = 4; lastKnownFileType = sourcecode.swift; name = SMORMS3.swift; path = "../../C³/SMORMS3.swift"; sourceTree = "<group>"; };
		87745FD11D76E83300B90B5E /* Adam.swift */ = {isa = PBXFileReference; fileEncoding = 4; lastKnownFileType = sourcecode.swift; name = Adam.swift; path = "../../C³/Adam.swift"; sourceTree = "<group>"; };
		878C7A8F1D01AF05002CDFD1 /* sandbox.app */ = {isa = PBXFileReference; explicitFileType = wrapper.application; includeInIndex = 0; path = sandbox.app; sourceTree = BUILT_PRODUCTS_DIR; };
		878C7A911D01AF05002CDFD1 /* AppDelegate.swift */ = {isa = PBXFileReference; lastKnownFileType = sourcecode.swift; path = AppDelegate.swift; sourceTree = "<group>"; };
		878C7A931D01AF05002CDFD1 /* ViewController.swift */ = {isa = PBXFileReference; lastKnownFileType = sourcecode.swift; path = ViewController.swift; sourceTree = "<group>"; };
		878C7A951D01AF05002CDFD1 /* Assets.xcassets */ = {isa = PBXFileReference; lastKnownFileType = folder.assetcatalog; path = Assets.xcassets; sourceTree = "<group>"; };
		878C7A981D01AF05002CDFD1 /* Base */ = {isa = PBXFileReference; lastKnownFileType = file.storyboard; name = Base; path = Base.lproj/Main.storyboard; sourceTree = "<group>"; };
		878C7A9A1D01AF05002CDFD1 /* Info.plist */ = {isa = PBXFileReference; lastKnownFileType = text.plist.xml; path = Info.plist; sourceTree = "<group>"; };
		878C7AA31D01AF13002CDFD1 /* MNIST.framework */ = {isa = PBXFileReference; explicitFileType = wrapper.framework; includeInIndex = 0; path = MNIST.framework; sourceTree = BUILT_PRODUCTS_DIR; };
		878C7AA51D01AF13002CDFD1 /* MNIST.h */ = {isa = PBXFileReference; lastKnownFileType = sourcecode.c.h; path = MNIST.h; sourceTree = "<group>"; };
		878C7AA71D01AF13002CDFD1 /* Info.plist */ = {isa = PBXFileReference; lastKnownFileType = text.plist.xml; path = Info.plist; sourceTree = "<group>"; };
		878C7AC61D01AF92002CDFD1 /* MNIST.swift */ = {isa = PBXFileReference; lastKnownFileType = sourcecode.swift; name = MNIST.swift; path = ../../MNIST/MNIST.swift; sourceTree = "<group>"; };
		87A42CC51D4F5D68008D9708 /* Feedbax.swift */ = {isa = PBXFileReference; fileEncoding = 4; lastKnownFileType = sourcecode.swift; name = Feedbax.swift; path = "../../C³/Feedbax.swift"; sourceTree = "<group>"; };
		87AE7C921D7558F80061F229 /* QuasiNewton.swift */ = {isa = PBXFileReference; fileEncoding = 4; lastKnownFileType = sourcecode.swift; name = QuasiNewton.swift; path = "../../C³/QuasiNewton.swift"; sourceTree = "<group>"; };
		87AE7C951D755CBF0061F229 /* OptimizerTests.swift */ = {isa = PBXFileReference; fileEncoding = 4; lastKnownFileType = sourcecode.swift; path = OptimizerTests.swift; sourceTree = "<group>"; };
		87AE7C991D759F350061F229 /* ConjugateGradient.swift */ = {isa = PBXFileReference; fileEncoding = 4; lastKnownFileType = sourcecode.swift; name = ConjugateGradient.swift; path = "../../C³/ConjugateGradient.swift"; sourceTree = "<group>"; };
		87AE7C9C1D767B290061F229 /* GradientOptimizer.swift */ = {isa = PBXFileReference; lastKnownFileType = sourcecode.swift; name = GradientOptimizer.swift; path = "../../C³/GradientOptimizer.swift"; sourceTree = "<group>"; };
		87AE7C9F1D76D1EB0061F229 /* Momentum.swift */ = {isa = PBXFileReference; fileEncoding = 4; lastKnownFileType = sourcecode.swift; name = Momentum.swift; path = "../../C³/Momentum.swift"; sourceTree = "<group>"; };
		87B1FD011D05461100981CF4 /* C3.framework */ = {isa = PBXFileReference; explicitFileType = wrapper.framework; includeInIndex = 0; path = C3.framework; sourceTree = BUILT_PRODUCTS_DIR; };
		87B1FD051D05461100981CF4 /* Info.plist */ = {isa = PBXFileReference; lastKnownFileType = text.plist.xml; path = Info.plist; sourceTree = "<group>"; };
		87B1FD0A1D05461100981CF4 /* C3Tests.xctest */ = {isa = PBXFileReference; explicitFileType = wrapper.cfbundle; includeInIndex = 0; path = C3Tests.xctest; sourceTree = BUILT_PRODUCTS_DIR; };
		87B1FD1E1D05466D00981CF4 /* Cell.swift */ = {isa = PBXFileReference; fileEncoding = 4; lastKnownFileType = sourcecode.swift; name = Cell.swift; path = "../../C³/Cell.swift"; sourceTree = "<group>"; };
		87B1FD1F1D05466D00981CF4 /* Config.swift */ = {isa = PBXFileReference; fileEncoding = 4; lastKnownFileType = sourcecode.swift; name = Config.swift; path = "../../C³/Config.swift"; sourceTree = "<group>"; };
		87B1FD201D05466D00981CF4 /* Context.swift */ = {isa = PBXFileReference; fileEncoding = 4; lastKnownFileType = sourcecode.swift; name = Context.swift; path = "../../C³/Context.swift"; sourceTree = "<group>"; };
		87B1FD211D05466D00981CF4 /* Dict.swift */ = {isa = PBXFileReference; fileEncoding = 4; lastKnownFileType = sourcecode.swift; name = Dict.swift; path = "../../C³/Dict.swift"; sourceTree = "<group>"; };
		87B1FD221D05466D00981CF4 /* Edge.swift */ = {isa = PBXFileReference; fileEncoding = 4; lastKnownFileType = sourcecode.swift; name = Edge.swift; path = "../../C³/Edge.swift"; sourceTree = "<group>"; };
		87B1FD231D05466D00981CF4 /* Error.swift */ = {isa = PBXFileReference; fileEncoding = 4; lastKnownFileType = sourcecode.swift; name = Error.swift; path = "../../C³/Error.swift"; sourceTree = "<group>"; };
		87B1FD2C1D05467800981CF4 /* C³.h */ = {isa = PBXFileReference; fileEncoding = 4; lastKnownFileType = sourcecode.c.h; path = "C³.h"; sourceTree = "<group>"; };
		87B1FD2D1D05468600981CF4 /* BiasTests.swift */ = {isa = PBXFileReference; fileEncoding = 4; lastKnownFileType = sourcecode.swift; path = BiasTests.swift; sourceTree = "<group>"; };
		87B1FD2E1D05468600981CF4 /* Info.plist */ = {isa = PBXFileReference; fileEncoding = 4; lastKnownFileType = text.plist.xml; path = Info.plist; sourceTree = "<group>"; };
		87B1FD391D0546BF00981CF4 /* C3.xcdatamodel */ = {isa = PBXFileReference; lastKnownFileType = wrapper.xcdatamodel; path = C3.xcdatamodel; sourceTree = "<group>"; };
		87B9C0261D49249900534528 /* MNISTTest.swift */ = {isa = PBXFileReference; fileEncoding = 4; lastKnownFileType = sourcecode.swift; path = MNISTTest.swift; sourceTree = "<group>"; };
		87BC8D8F1D55D103004510EF /* mtlbias.metal */ = {isa = PBXFileReference; fileEncoding = 4; lastKnownFileType = sourcecode.metal; name = mtlbias.metal; path = "../../C³/mtlbias.metal"; sourceTree = "<group>"; };
		87BC8D931D55E071004510EF /* mtledge.metal */ = {isa = PBXFileReference; fileEncoding = 4; lastKnownFileType = sourcecode.metal; name = mtledge.metal; path = "../../C³/mtledge.metal"; sourceTree = "<group>"; };
		87BC8D961D55E544004510EF /* mtlgauss.metal */ = {isa = PBXFileReference; fileEncoding = 4; lastKnownFileType = sourcecode.metal; name = mtlgauss.metal; path = "../../C³/mtlgauss.metal"; sourceTree = "<group>"; };
		87BCEBFB1D4D763D00FC3099 /* Bias.swift */ = {isa = PBXFileReference; lastKnownFileType = sourcecode.swift; name = Bias.swift; path = "../../C³/Bias.swift"; sourceTree = "<group>"; };
		87BCEBFD1D4D764100FC3099 /* Decay.swift */ = {isa = PBXFileReference; lastKnownFileType = sourcecode.swift; name = Decay.swift; path = "../../C³/Decay.swift"; sourceTree = "<group>"; };
		87BCEBFF1D4D765000FC3099 /* Gaussian.swift */ = {isa = PBXFileReference; lastKnownFileType = sourcecode.swift; name = Gaussian.swift; path = "../../C³/Gaussian.swift"; sourceTree = "<group>"; };
		87CFDE971D7441AB00716188 /* Distribution.swift */ = {isa = PBXFileReference; lastKnownFileType = sourcecode.swift; name = Distribution.swift; path = "../../C³/Distribution.swift"; sourceTree = "<group>"; };
		87CFDE991D744BD600716188 /* GaussianTests.swift */ = {isa = PBXFileReference; fileEncoding = 4; lastKnownFileType = sourcecode.swift; path = GaussianTests.swift; sourceTree = "<group>"; };
		87CFDE9B1D753C2200716188 /* ArcaneTests.swift */ = {isa = PBXFileReference; fileEncoding = 4; lastKnownFileType = sourcecode.swift; path = ArcaneTests.swift; sourceTree = "<group>"; };
		87D18E321D3F18B300982020 /* LaObjet.swift */ = {isa = PBXFileReference; fileEncoding = 4; lastKnownFileType = sourcecode.swift; name = LaObjet.swift; path = "../../C³/LaObjet.swift"; sourceTree = "<group>"; };
		87D3F1791D6CB1C300FA8C80 /* Analyzer.app */ = {isa = PBXFileReference; explicitFileType = wrapper.application; includeInIndex = 0; path = Analyzer.app; sourceTree = BUILT_PRODUCTS_DIR; };
		87D3F17B1D6CB1C300FA8C80 /* AppDelegate.swift */ = {isa = PBXFileReference; lastKnownFileType = sourcecode.swift; path = AppDelegate.swift; sourceTree = "<group>"; };
		87D3F17D1D6CB1C300FA8C80 /* ViewController.swift */ = {isa = PBXFileReference; lastKnownFileType = sourcecode.swift; path = ViewController.swift; sourceTree = "<group>"; };
		87D3F17F1D6CB1C300FA8C80 /* Assets.xcassets */ = {isa = PBXFileReference; lastKnownFileType = folder.assetcatalog; path = Assets.xcassets; sourceTree = "<group>"; };
		87D3F1821D6CB1C300FA8C80 /* Base */ = {isa = PBXFileReference; lastKnownFileType = file.storyboard; name = Base; path = Base.lproj/Main.storyboard; sourceTree = "<group>"; };
		87D3F1841D6CB1C300FA8C80 /* Info.plist */ = {isa = PBXFileReference; lastKnownFileType = text.plist.xml; path = Info.plist; sourceTree = "<group>"; };
		87D8B4051D4B6E590010EA4F /* BlasTests.swift */ = {isa = PBXFileReference; fileEncoding = 4; lastKnownFileType = sourcecode.swift; path = BlasTests.swift; sourceTree = "<group>"; };
		87ED4FDA1D7430E100019209 /* Arcane.swift */ = {isa = PBXFileReference; lastKnownFileType = sourcecode.swift; name = Arcane.swift; path = "../../C³/Arcane.swift"; sourceTree = "<group>"; };
		87F2A6C71D73C8190090A509 /* Experimental */ = {isa = PBXFileReference; explicitFileType = "compiled.mach-o.executable"; includeInIndex = 0; path = Experimental; sourceTree = BUILT_PRODUCTS_DIR; };
		87F2A6C91D73C8190090A509 /* main.swift */ = {isa = PBXFileReference; lastKnownFileType = sourcecode.swift; path = main.swift; sourceTree = "<group>"; };
		87F2A6CE1D73C82D0090A509 /* metal.metal */ = {isa = PBXFileReference; fileEncoding = 4; lastKnownFileType = sourcecode.metal; path = metal.metal; sourceTree = "<group>"; };
		87F6AC061D5B8C5B005710FF /* mtlcell.metal */ = {isa = PBXFileReference; fileEncoding = 4; lastKnownFileType = sourcecode.metal; name = mtlcell.metal; path = "../../C³/mtlcell.metal"; sourceTree = "<group>"; };
/* End PBXFileReference section */

/* Begin PBXFrameworksBuildPhase section */
		874347991D6EF8E400B54F70 /* Frameworks */ = {
			isa = PBXFrameworksBuildPhase;
			buildActionMask = 2147483647;
			files = (
				874347CF1D6EF93400B54F70 /* OpenCL.framework in Frameworks */,
			);
			runOnlyForDeploymentPostprocessing = 0;
		};
		874347A31D6EF8E500B54F70 /* Frameworks */ = {
			isa = PBXFrameworksBuildPhase;
			buildActionMask = 2147483647;
			files = (
				874347A71D6EF8E500B54F70 /* CL3.framework in Frameworks */,
			);
			runOnlyForDeploymentPostprocessing = 0;
		};
		875DD1D31D6C5FC800A5C250 /* Frameworks */ = {
			isa = PBXFrameworksBuildPhase;
			buildActionMask = 2147483647;
			files = (
			);
			runOnlyForDeploymentPostprocessing = 0;
		};
		878C7A8C1D01AF05002CDFD1 /* Frameworks */ = {
			isa = PBXFrameworksBuildPhase;
			buildActionMask = 2147483647;
			files = (
				87B1FD161D05461200981CF4 /* C3.framework in Frameworks */,
				878C7AAA1D01AF13002CDFD1 /* MNIST.framework in Frameworks */,
			);
			runOnlyForDeploymentPostprocessing = 0;
		};
		878C7A9F1D01AF13002CDFD1 /* Frameworks */ = {
			isa = PBXFrameworksBuildPhase;
			buildActionMask = 2147483647;
			files = (
			);
			runOnlyForDeploymentPostprocessing = 0;
		};
		87B1FCFD1D05461100981CF4 /* Frameworks */ = {
			isa = PBXFrameworksBuildPhase;
			buildActionMask = 2147483647;
			files = (
			);
			runOnlyForDeploymentPostprocessing = 0;
		};
		87B1FD071D05461100981CF4 /* Frameworks */ = {
			isa = PBXFrameworksBuildPhase;
			buildActionMask = 2147483647;
			files = (
				8746B0761D7F987A0052C001 /* MNIST.framework in Frameworks */,
				87B1FD0B1D05461200981CF4 /* C3.framework in Frameworks */,
			);
			runOnlyForDeploymentPostprocessing = 0;
		};
		87D3F1761D6CB1C300FA8C80 /* Frameworks */ = {
			isa = PBXFrameworksBuildPhase;
			buildActionMask = 2147483647;
			files = (
			);
			runOnlyForDeploymentPostprocessing = 0;
		};
		87F2A6C41D73C8190090A509 /* Frameworks */ = {
			isa = PBXFrameworksBuildPhase;
			buildActionMask = 2147483647;
			files = (
			);
			runOnlyForDeploymentPostprocessing = 0;
		};
/* End PBXFrameworksBuildPhase section */

/* Begin PBXGroup section */
		8743479E1D6EF8E400B54F70 /* CL3 */ = {
			isa = PBXGroup;
			children = (
				874347CB1D6EF92200B54F70 /* Context.c */,
				874347CD1D6EF92700B54F70 /* Context.h */,
				874347D21D6F014D00B54F70 /* Bridge.m */,
				874347D41D6F015200B54F70 /* Bridge.h */,
				8743479F1D6EF8E400B54F70 /* CL3.h */,
				874347A11D6EF8E400B54F70 /* Info.plist */,
				874347D71D6F024600B54F70 /* clblas.cl */,
				874347C91D6EF91800B54F70 /* OpenCL.framework */,
			);
			path = CL3;
			sourceTree = "<group>";
		};
		874347AA1D6EF8E500B54F70 /* CL3Tests */ = {
			isa = PBXGroup;
			children = (
				874347AB1D6EF8E500B54F70 /* CL3Tests.swift */,
				874347AD1D6EF8E500B54F70 /* Info.plist */,
			);
			path = CL3Tests;
			sourceTree = "<group>";
		};
		875DD1D81D6C5FC800A5C250 /* CIFAR10 */ = {
			isa = PBXGroup;
			children = (
				875DD1DF1D6C5FDF00A5C250 /* CIFAR10.swift */,
				875DD1D91D6C5FC800A5C250 /* CIFAR10.h */,
				875DD1F71D6C61AE00A5C250 /* batches.meta.txt */,
				875DD1F51D6C61AC00A5C250 /* test_batch.bin */,
				875DD1F31D6C61AA00A5C250 /* data_batch_5.bin */,
				875DD1F11D6C61A800A5C250 /* data_batch_4.bin */,
				875DD1EF1D6C61A600A5C250 /* data_batch_3.bin */,
				875DD1ED1D6C61A400A5C250 /* data_batch_2.bin */,
				875DD1EB1D6C61A100A5C250 /* data_batch_1.bin */,
				875DD1DB1D6C5FC800A5C250 /* Info.plist */,
			);
			path = CIFAR10;
			sourceTree = "<group>";
		};
		878C7A571D01AE4D002CDFD1 = {
			isa = PBXGroup;
			children = (
				87D3F17A1D6CB1C300FA8C80 /* Analyzer */,
				878C7A901D01AF05002CDFD1 /* sandbox */,
				87B1FD021D05461100981CF4 /* C³ */,
				87B1FD101D05461200981CF4 /* C³Tests */,
				878C7AA41D01AF13002CDFD1 /* MNIST */,
				875DD1D81D6C5FC800A5C250 /* CIFAR10 */,
				8743479E1D6EF8E400B54F70 /* CL3 */,
				874347AA1D6EF8E500B54F70 /* CL3Tests */,
				87F2A6C81D73C8190090A509 /* Experimental */,
				878C7A741D01AEEC002CDFD1 /* Products */,
			);
			sourceTree = "<group>";
		};
		878C7A741D01AEEC002CDFD1 /* Products */ = {
			isa = PBXGroup;
			children = (
				878C7A8F1D01AF05002CDFD1 /* sandbox.app */,
				878C7AA31D01AF13002CDFD1 /* MNIST.framework */,
				87B1FD011D05461100981CF4 /* C3.framework */,
				87B1FD0A1D05461100981CF4 /* C3Tests.xctest */,
				875DD1D71D6C5FC800A5C250 /* CIFAR10.framework */,
				87D3F1791D6CB1C300FA8C80 /* Analyzer.app */,
				8743479D1D6EF8E400B54F70 /* CL3.framework */,
				874347A61D6EF8E500B54F70 /* CL3Tests.xctest */,
				87F2A6C71D73C8190090A509 /* Experimental */,
			);
			name = Products;
			sourceTree = "<group>";
		};
		878C7A901D01AF05002CDFD1 /* sandbox */ = {
			isa = PBXGroup;
			children = (
				878C7A911D01AF05002CDFD1 /* AppDelegate.swift */,
				878C7A931D01AF05002CDFD1 /* ViewController.swift */,
				878C7A951D01AF05002CDFD1 /* Assets.xcassets */,
				878C7A971D01AF05002CDFD1 /* Main.storyboard */,
				878C7A9A1D01AF05002CDFD1 /* Info.plist */,
			);
			path = sandbox;
			sourceTree = "<group>";
		};
		878C7AA41D01AF13002CDFD1 /* MNIST */ = {
			isa = PBXGroup;
			children = (
				878C7AC61D01AF92002CDFD1 /* MNIST.swift */,
				878C7AA51D01AF13002CDFD1 /* MNIST.h */,
				875DD2121D6C6DC400A5C250 /* train-labels-idx1-ubyte */,
				875DD2101D6C6DC100A5C250 /* train-images-idx3-ubyte */,
				875DD20E1D6C6DBD00A5C250 /* t10k-labels-idx1-ubyte */,
				875DD20C1D6C6DB900A5C250 /* t10k-images-idx3-ubyte */,
				878C7AA71D01AF13002CDFD1 /* Info.plist */,
			);
			path = MNIST;
			sourceTree = "<group>";
		};
		87B1FD021D05461100981CF4 /* C³ */ = {
			isa = PBXGroup;
			children = (
				875DD28C1D6D81E000A5C250 /* mtldecay.metal */,
				875DD1B11D66E4DF00A5C250 /* mtlart.metal */,
				875DD1A61D66B33800A5C250 /* mtlcauchy.metal */,
				875DD1951D6452E100A5C250 /* mtlrender.metal */,
				87F6AC061D5B8C5B005710FF /* mtlcell.metal */,
				87BC8D961D55E544004510EF /* mtlgauss.metal */,
				87BC8D931D55E071004510EF /* mtledge.metal */,
				87BC8D8F1D55D103004510EF /* mtlbias.metal */,
				870EA9261D54ADBF008C3380 /* mtlblas.metal */,
				870EA9271D54ADBF008C3380 /* mtlmath.metal */,
				870EA9281D54ADBF008C3380 /* mtlrand.metal */,
				87B1FD381D0546BF00981CF4 /* C³.xcdatamodeld */,
				87B1FD2C1D05467800981CF4 /* C³.h */,
				87ED4FDA1D7430E100019209 /* Arcane.swift */,
				875DD1AE1D66DFB700A5C250 /* Art.swift */,
				87BCEBFB1D4D763D00FC3099 /* Bias.swift */,
				873934B21D42FD7800888988 /* Blob.swift */,
				87B1FD1E1D05466D00981CF4 /* Cell.swift */,
				870723AE1D7EDB9600A9333F /* Circular.swift */,
				87B1FD221D05466D00981CF4 /* Edge.swift */,
				87B1FD1F1D05466D00981CF4 /* Config.swift */,
				87B1FD201D05466D00981CF4 /* Context.swift */,
				87BCEBFD1D4D764100FC3099 /* Decay.swift */,
				87B1FD211D05466D00981CF4 /* Dict.swift */,
				87B1FD231D05466D00981CF4 /* Error.swift */,
				87A42CC51D4F5D68008D9708 /* Feedbax.swift */,
				87D18E321D3F18B300982020 /* LaObjet.swift */,
				875DD1C01D6AD8A900A5C250 /* Misc.swift */,
				87CFDE971D7441AB00716188 /* Distribution.swift */,
				87BCEBFF1D4D765000FC3099 /* Gaussian.swift */,
				875DD1A31D66B25300A5C250 /* Cauchy.swift */,
				874D7F121D7D36F80055162F /* Chebyshev.swift */,
				87AE7C9C1D767B290061F229 /* GradientOptimizer.swift */,
				87AE7C9F1D76D1EB0061F229 /* Momentum.swift */,
				87745FD11D76E83300B90B5E /* Adam.swift */,
				87745FCB1D76D88800B90B5E /* RMSprop.swift */,
				87745FCE1D76E0A000B90B5E /* SMORMS3.swift */,
				87AE7C991D759F350061F229 /* ConjugateGradient.swift */,
				87AE7C921D7558F80061F229 /* QuasiNewton.swift */,
				8746B0721D7DC6460052C001 /* Refraction.swift */,
				87B1FD051D05461100981CF4 /* Info.plist */,
			);
			path = "C³";
			sourceTree = "<group>";
		};
		87B1FD101D05461200981CF4 /* C³Tests */ = {
			isa = PBXGroup;
			children = (
				87B1FD2E1D05468600981CF4 /* Info.plist */,
				875DD1C21D6C11B600A5C250 /* ArtTests.swift */,
				87CFDE9B1D753C2200716188 /* ArcaneTests.swift */,
				873BFCA91D4359BE00F61B4B /* LaObjetTests.swift */,
				87B1FD2D1D05468600981CF4 /* BiasTests.swift */,
				8719AE4B1D38BB9800F8DCA4 /* CellTests.swift */,
				876A4B551D066EDC00D32E1B /* EdgeTests.swift */,
				87B9C0261D49249900534528 /* MNISTTest.swift */,
				87D8B4051D4B6E590010EA4F /* BlasTests.swift */,
				87CFDE991D744BD600716188 /* GaussianTests.swift */,
				875DD1A81D66B47E00A5C250 /* CauchyTests.swift */,
				87AE7C951D755CBF0061F229 /* OptimizerTests.swift */,
			);
			path = "C³Tests";
			sourceTree = "<group>";
		};
		87D3F17A1D6CB1C300FA8C80 /* Analyzer */ = {
			isa = PBXGroup;
			children = (
				87D3F17B1D6CB1C300FA8C80 /* AppDelegate.swift */,
				87D3F17D1D6CB1C300FA8C80 /* ViewController.swift */,
				87D3F17F1D6CB1C300FA8C80 /* Assets.xcassets */,
				87D3F1811D6CB1C300FA8C80 /* Main.storyboard */,
				87D3F1841D6CB1C300FA8C80 /* Info.plist */,
			);
			path = Analyzer;
			sourceTree = "<group>";
		};
		87F2A6C81D73C8190090A509 /* Experimental */ = {
			isa = PBXGroup;
			children = (
				87F2A6C91D73C8190090A509 /* main.swift */,
				87F2A6CE1D73C82D0090A509 /* metal.metal */,
			);
			path = Experimental;
			sourceTree = "<group>";
		};
/* End PBXGroup section */

/* Begin PBXHeadersBuildPhase section */
		8743479A1D6EF8E400B54F70 /* Headers */ = {
			isa = PBXHeadersBuildPhase;
			buildActionMask = 2147483647;
			files = (
				874347A01D6EF8E400B54F70 /* CL3.h in Headers */,
				874347CE1D6EF92700B54F70 /* Context.h in Headers */,
				874347D51D6F015200B54F70 /* Bridge.h in Headers */,
			);
			runOnlyForDeploymentPostprocessing = 0;
		};
		875DD1D41D6C5FC800A5C250 /* Headers */ = {
			isa = PBXHeadersBuildPhase;
			buildActionMask = 2147483647;
			files = (
				875DD1DA1D6C5FC800A5C250 /* CIFAR10.h in Headers */,
			);
			runOnlyForDeploymentPostprocessing = 0;
		};
		878C7AA01D01AF13002CDFD1 /* Headers */ = {
			isa = PBXHeadersBuildPhase;
			buildActionMask = 2147483647;
			files = (
				878C7AE51D01B044002CDFD1 /* MNIST.h in Headers */,
			);
			runOnlyForDeploymentPostprocessing = 0;
		};
		87B1FCFE1D05461100981CF4 /* Headers */ = {
			isa = PBXHeadersBuildPhase;
			buildActionMask = 2147483647;
			files = (
				875DD2681D6C8D1200A5C250 /* C³.h in Headers */,
			);
			runOnlyForDeploymentPostprocessing = 0;
		};
/* End PBXHeadersBuildPhase section */

/* Begin PBXNativeTarget section */
		8743479C1D6EF8E400B54F70 /* CL3 */ = {
			isa = PBXNativeTarget;
			buildConfigurationList = 874347B21D6EF8E500B54F70 /* Build configuration list for PBXNativeTarget "CL3" */;
			buildPhases = (
				874347981D6EF8E400B54F70 /* Sources */,
				874347991D6EF8E400B54F70 /* Frameworks */,
				8743479A1D6EF8E400B54F70 /* Headers */,
				8743479B1D6EF8E400B54F70 /* Resources */,
			);
			buildRules = (
			);
			dependencies = (
			);
			name = CL3;
			productName = CL3;
			productReference = 8743479D1D6EF8E400B54F70 /* CL3.framework */;
			productType = "com.apple.product-type.framework";
		};
		874347A51D6EF8E500B54F70 /* CL3Tests */ = {
			isa = PBXNativeTarget;
			buildConfigurationList = 874347B31D6EF8E500B54F70 /* Build configuration list for PBXNativeTarget "CL3Tests" */;
			buildPhases = (
				874347A21D6EF8E500B54F70 /* Sources */,
				874347A31D6EF8E500B54F70 /* Frameworks */,
				874347A41D6EF8E500B54F70 /* Resources */,
			);
			buildRules = (
			);
			dependencies = (
				874347A91D6EF8E500B54F70 /* PBXTargetDependency */,
			);
			name = CL3Tests;
			productName = CL3Tests;
			productReference = 874347A61D6EF8E500B54F70 /* CL3Tests.xctest */;
			productType = "com.apple.product-type.bundle.unit-test";
		};
		875DD1D61D6C5FC800A5C250 /* CIFAR10 */ = {
			isa = PBXNativeTarget;
			buildConfigurationList = 875DD1DE1D6C5FC800A5C250 /* Build configuration list for PBXNativeTarget "CIFAR10" */;
			buildPhases = (
				875DD1D21D6C5FC800A5C250 /* Sources */,
				875DD1D31D6C5FC800A5C250 /* Frameworks */,
				875DD1D41D6C5FC800A5C250 /* Headers */,
				875DD1F91D6C61FA00A5C250 /* CopyFiles */,
				875DD1D51D6C5FC800A5C250 /* Resources */,
			);
			buildRules = (
			);
			dependencies = (
			);
			name = CIFAR10;
			productName = CIFAR10;
			productReference = 875DD1D71D6C5FC800A5C250 /* CIFAR10.framework */;
			productType = "com.apple.product-type.framework";
		};
		878C7A8E1D01AF05002CDFD1 /* sandbox */ = {
			isa = PBXNativeTarget;
			buildConfigurationList = 878C7A9B1D01AF05002CDFD1 /* Build configuration list for PBXNativeTarget "sandbox" */;
			buildPhases = (
				878C7A8B1D01AF05002CDFD1 /* Sources */,
				878C7A8C1D01AF05002CDFD1 /* Frameworks */,
				878C7A8D1D01AF05002CDFD1 /* Resources */,
				878C7AAF1D01AF13002CDFD1 /* Embed Frameworks */,
			);
			buildRules = (
			);
			dependencies = (
				878C7AA91D01AF13002CDFD1 /* PBXTargetDependency */,
				87B1FD151D05461200981CF4 /* PBXTargetDependency */,
			);
			name = sandbox;
			productName = sandbox;
			productReference = 878C7A8F1D01AF05002CDFD1 /* sandbox.app */;
			productType = "com.apple.product-type.application";
		};
		878C7AA21D01AF13002CDFD1 /* MNIST */ = {
			isa = PBXNativeTarget;
			buildConfigurationList = 878C7AAC1D01AF13002CDFD1 /* Build configuration list for PBXNativeTarget "MNIST" */;
			buildPhases = (
				878C7A9E1D01AF13002CDFD1 /* Sources */,
				878C7A9F1D01AF13002CDFD1 /* Frameworks */,
				878C7AA01D01AF13002CDFD1 /* Headers */,
				878C7AA11D01AF13002CDFD1 /* Resources */,
			);
			buildRules = (
			);
			dependencies = (
			);
			name = MNIST;
			productName = MNIST;
			productReference = 878C7AA31D01AF13002CDFD1 /* MNIST.framework */;
			productType = "com.apple.product-type.framework";
		};
		87B1FD001D05461100981CF4 /* C3 */ = {
			isa = PBXNativeTarget;
			buildConfigurationList = 87B1FD181D05461200981CF4 /* Build configuration list for PBXNativeTarget "C3" */;
			buildPhases = (
				87B1FCFC1D05461100981CF4 /* Sources */,
				87B1FCFE1D05461100981CF4 /* Headers */,
				87B1FCFD1D05461100981CF4 /* Frameworks */,
				87B1FCFF1D05461100981CF4 /* Resources */,
			);
			buildRules = (
			);
			dependencies = (
			);
			name = C3;
			productName = "C³";
			productReference = 87B1FD011D05461100981CF4 /* C3.framework */;
			productType = "com.apple.product-type.framework";
		};
		87B1FD091D05461100981CF4 /* C3Tests */ = {
			isa = PBXNativeTarget;
			buildConfigurationList = 87B1FD1B1D05461200981CF4 /* Build configuration list for PBXNativeTarget "C3Tests" */;
			buildPhases = (
				87B1FD061D05461100981CF4 /* Sources */,
				87B1FD071D05461100981CF4 /* Frameworks */,
				87B1FD081D05461100981CF4 /* Resources */,
			);
			buildRules = (
			);
			dependencies = (
				87B1FD0D1D05461200981CF4 /* PBXTargetDependency */,
			);
			name = C3Tests;
			productName = "C³Tests";
			productReference = 87B1FD0A1D05461100981CF4 /* C3Tests.xctest */;
			productType = "com.apple.product-type.bundle.unit-test";
		};
		87D3F1781D6CB1C300FA8C80 /* Analyzer */ = {
			isa = PBXNativeTarget;
			buildConfigurationList = 87D3F1851D6CB1C300FA8C80 /* Build configuration list for PBXNativeTarget "Analyzer" */;
			buildPhases = (
				87D3F1751D6CB1C300FA8C80 /* Sources */,
				87D3F1761D6CB1C300FA8C80 /* Frameworks */,
				87D3F1771D6CB1C300FA8C80 /* Resources */,
			);
			buildRules = (
			);
			dependencies = (
			);
			name = Analyzer;
			productName = Analyzer;
			productReference = 87D3F1791D6CB1C300FA8C80 /* Analyzer.app */;
			productType = "com.apple.product-type.application";
		};
		87F2A6C61D73C8190090A509 /* Experimental */ = {
			isa = PBXNativeTarget;
			buildConfigurationList = 87F2A6CD1D73C8190090A509 /* Build configuration list for PBXNativeTarget "Experimental" */;
			buildPhases = (
				87F2A6C31D73C8190090A509 /* Sources */,
				87F2A6C41D73C8190090A509 /* Frameworks */,
				87F2A6C51D73C8190090A509 /* CopyFiles */,
			);
			buildRules = (
			);
			dependencies = (
			);
			name = Experimental;
			productName = Experimental;
			productReference = 87F2A6C71D73C8190090A509 /* Experimental */;
			productType = "com.apple.product-type.tool";
		};
/* End PBXNativeTarget section */

/* Begin PBXProject section */
		878C7A581D01AE4D002CDFD1 /* Project object */ = {
			isa = PBXProject;
			attributes = {
				LastSwiftUpdateCheck = 0730;
				LastUpgradeCheck = 0730;
				TargetAttributes = {
					8743479C1D6EF8E400B54F70 = {
						CreatedOnToolsVersion = 7.3.1;
					};
					874347A51D6EF8E500B54F70 = {
						CreatedOnToolsVersion = 7.3.1;
					};
					875DD1D61D6C5FC800A5C250 = {
						CreatedOnToolsVersion = 7.3.1;
					};
					878C7A8E1D01AF05002CDFD1 = {
						CreatedOnToolsVersion = 7.3.1;
					};
					878C7AA21D01AF13002CDFD1 = {
						CreatedOnToolsVersion = 7.3.1;
					};
					87B1FD001D05461100981CF4 = {
						CreatedOnToolsVersion = 7.3.1;
					};
					87B1FD091D05461100981CF4 = {
						CreatedOnToolsVersion = 7.3.1;
					};
					87D3F1781D6CB1C300FA8C80 = {
						CreatedOnToolsVersion = 7.3.1;
					};
					87F2A6C61D73C8190090A509 = {
						CreatedOnToolsVersion = 7.3.1;
					};
				};
			};
			buildConfigurationList = 878C7A5B1D01AE4D002CDFD1 /* Build configuration list for PBXProject "Mac" */;
			compatibilityVersion = "Xcode 3.2";
			developmentRegion = English;
			hasScannedForEncodings = 0;
			knownRegions = (
				en,
				Base,
			);
			mainGroup = 878C7A571D01AE4D002CDFD1;
			productRefGroup = 878C7A741D01AEEC002CDFD1 /* Products */;
			projectDirPath = "";
			projectRoot = "";
			targets = (
				87D3F1781D6CB1C300FA8C80 /* Analyzer */,
				878C7A8E1D01AF05002CDFD1 /* sandbox */,
				87B1FD001D05461100981CF4 /* C3 */,
				87B1FD091D05461100981CF4 /* C3Tests */,
				8743479C1D6EF8E400B54F70 /* CL3 */,
				874347A51D6EF8E500B54F70 /* CL3Tests */,
				878C7AA21D01AF13002CDFD1 /* MNIST */,
				875DD1D61D6C5FC800A5C250 /* CIFAR10 */,
				87F2A6C61D73C8190090A509 /* Experimental */,
			);
		};
/* End PBXProject section */

/* Begin PBXResourcesBuildPhase section */
		8743479B1D6EF8E400B54F70 /* Resources */ = {
			isa = PBXResourcesBuildPhase;
			buildActionMask = 2147483647;
			files = (
				874347D81D6F024600B54F70 /* clblas.cl in Resources */,
			);
			runOnlyForDeploymentPostprocessing = 0;
		};
		874347A41D6EF8E500B54F70 /* Resources */ = {
			isa = PBXResourcesBuildPhase;
			buildActionMask = 2147483647;
			files = (
			);
			runOnlyForDeploymentPostprocessing = 0;
		};
		875DD1D51D6C5FC800A5C250 /* Resources */ = {
			isa = PBXResourcesBuildPhase;
			buildActionMask = 2147483647;
			files = (
				875DD1EC1D6C61A100A5C250 /* data_batch_1.bin in Resources */,
				875DD1EE1D6C61A400A5C250 /* data_batch_2.bin in Resources */,
				875DD1F01D6C61A600A5C250 /* data_batch_3.bin in Resources */,
				875DD1F21D6C61A800A5C250 /* data_batch_4.bin in Resources */,
				875DD1F41D6C61AA00A5C250 /* data_batch_5.bin in Resources */,
				875DD1F61D6C61AC00A5C250 /* test_batch.bin in Resources */,
				875DD1F81D6C61AE00A5C250 /* batches.meta.txt in Resources */,
			);
			runOnlyForDeploymentPostprocessing = 0;
		};
		878C7A8D1D01AF05002CDFD1 /* Resources */ = {
			isa = PBXResourcesBuildPhase;
			buildActionMask = 2147483647;
			files = (
				878C7A961D01AF05002CDFD1 /* Assets.xcassets in Resources */,
				878C7A991D01AF05002CDFD1 /* Main.storyboard in Resources */,
			);
			runOnlyForDeploymentPostprocessing = 0;
		};
		878C7AA11D01AF13002CDFD1 /* Resources */ = {
			isa = PBXResourcesBuildPhase;
			buildActionMask = 2147483647;
			files = (
				875DD20D1D6C6DB900A5C250 /* t10k-images-idx3-ubyte in Resources */,
				875DD20F1D6C6DBD00A5C250 /* t10k-labels-idx1-ubyte in Resources */,
				875DD2111D6C6DC100A5C250 /* train-images-idx3-ubyte in Resources */,
				875DD2131D6C6DC400A5C250 /* train-labels-idx1-ubyte in Resources */,
			);
			runOnlyForDeploymentPostprocessing = 0;
		};
		87B1FCFF1D05461100981CF4 /* Resources */ = {
			isa = PBXResourcesBuildPhase;
			buildActionMask = 2147483647;
			files = (
			);
			runOnlyForDeploymentPostprocessing = 0;
		};
		87B1FD081D05461100981CF4 /* Resources */ = {
			isa = PBXResourcesBuildPhase;
			buildActionMask = 2147483647;
			files = (
			);
			runOnlyForDeploymentPostprocessing = 0;
		};
		87D3F1771D6CB1C300FA8C80 /* Resources */ = {
			isa = PBXResourcesBuildPhase;
			buildActionMask = 2147483647;
			files = (
				87D3F1801D6CB1C300FA8C80 /* Assets.xcassets in Resources */,
				87D3F1831D6CB1C300FA8C80 /* Main.storyboard in Resources */,
			);
			runOnlyForDeploymentPostprocessing = 0;
		};
/* End PBXResourcesBuildPhase section */

/* Begin PBXSourcesBuildPhase section */
		874347981D6EF8E400B54F70 /* Sources */ = {
			isa = PBXSourcesBuildPhase;
			buildActionMask = 2147483647;
			files = (
				874347CC1D6EF92200B54F70 /* Context.c in Sources */,
				874347D31D6F014D00B54F70 /* Bridge.m in Sources */,
			);
			runOnlyForDeploymentPostprocessing = 0;
		};
		874347A21D6EF8E500B54F70 /* Sources */ = {
			isa = PBXSourcesBuildPhase;
			buildActionMask = 2147483647;
			files = (
				874347AC1D6EF8E500B54F70 /* CL3Tests.swift in Sources */,
			);
			runOnlyForDeploymentPostprocessing = 0;
		};
		875DD1D21D6C5FC800A5C250 /* Sources */ = {
			isa = PBXSourcesBuildPhase;
			buildActionMask = 2147483647;
			files = (
				875DD1E01D6C5FDF00A5C250 /* CIFAR10.swift in Sources */,
			);
			runOnlyForDeploymentPostprocessing = 0;
		};
		878C7A8B1D01AF05002CDFD1 /* Sources */ = {
			isa = PBXSourcesBuildPhase;
			buildActionMask = 2147483647;
			files = (
				878C7A941D01AF05002CDFD1 /* ViewController.swift in Sources */,
				878C7A921D01AF05002CDFD1 /* AppDelegate.swift in Sources */,
			);
			runOnlyForDeploymentPostprocessing = 0;
		};
		878C7A9E1D01AF13002CDFD1 /* Sources */ = {
			isa = PBXSourcesBuildPhase;
			buildActionMask = 2147483647;
			files = (
				878C7AC71D01AF92002CDFD1 /* MNIST.swift in Sources */,
			);
			runOnlyForDeploymentPostprocessing = 0;
		};
		87B1FCFC1D05461100981CF4 /* Sources */ = {
			isa = PBXSourcesBuildPhase;
			buildActionMask = 2147483647;
			files = (
				87AE7C941D7559990061F229 /* QuasiNewton.swift in Sources */,
				87AE7C9A1D759F350061F229 /* ConjugateGradient.swift in Sources */,
				87BC8D911D55D19D004510EF /* mtlbias.metal in Sources */,
				870EA92C1D54ADD3008C3380 /* mtlblas.metal in Sources */,
				870EA92D1D54ADD3008C3380 /* mtlmath.metal in Sources */,
				87F6AC071D5B8C5B005710FF /* mtlcell.metal in Sources */,
				870EA92E1D54ADD3008C3380 /* mtlrand.metal in Sources */,
				875DD1C11D6AD8A900A5C250 /* Misc.swift in Sources */,
				87745FD21D76E83300B90B5E /* Adam.swift in Sources */,
				875DD1AF1D66DFB700A5C250 /* Art.swift in Sources */,
				87CFDE871D74321A00716188 /* Arcane.swift in Sources */,
				87AE7CA01D76D1EB0061F229 /* Momentum.swift in Sources */,
				87BC8D971D55E544004510EF /* mtlgauss.metal in Sources */,
				87BC8D941D55E071004510EF /* mtledge.metal in Sources */,
				875DD1971D64532800A5C250 /* mtlrender.metal in Sources */,
				875DD1AB1D66B4E200A5C250 /* mtlcauchy.metal in Sources */,
				875DD28D1D6D81E000A5C250 /* mtldecay.metal in Sources */,
				87B1FD3B1D0546C700981CF4 /* C³.xcdatamodeld in Sources */,
				87BCEBFE1D4D764100FC3099 /* Decay.swift in Sources */,
				87745FCF1D76E0A000B90B5E /* SMORMS3.swift in Sources */,
				87BCEBFC1D4D763D00FC3099 /* Bias.swift in Sources */,
				875DD1AA1D66B4DF00A5C250 /* Cauchy.swift in Sources */,
				873934B31D42FD7800888988 /* Blob.swift in Sources */,
				874D7F131D7D36F80055162F /* Chebyshev.swift in Sources */,
				87B1FD311D0546B500981CF4 /* Cell.swift in Sources */,
				87B1FD321D0546B500981CF4 /* Config.swift in Sources */,
				87B1FD331D0546B500981CF4 /* Context.swift in Sources */,
				87D18E331D3F18B300982020 /* LaObjet.swift in Sources */,
				87B1FD341D0546B500981CF4 /* Dict.swift in Sources */,
				87B1FD351D0546B500981CF4 /* Edge.swift in Sources */,
				87B1FD361D0546B500981CF4 /* Error.swift in Sources */,
				875DD1B21D66E4DF00A5C250 /* mtlart.metal in Sources */,
				87745FCC1D76D88800B90B5E /* RMSprop.swift in Sources */,
				87A42CC71D4F5F58008D9708 /* Feedbax.swift in Sources */,
				8746B0731D7DC6460052C001 /* Refraction.swift in Sources */,
				87BCEC001D4D765000FC3099 /* Gaussian.swift in Sources */,
				87AE7C9D1D767B290061F229 /* GradientOptimizer.swift in Sources */,
				870723AF1D7EDB9600A9333F /* Circular.swift in Sources */,
				87CFDE981D7441AB00716188 /* Distribution.swift in Sources */,
			);
			runOnlyForDeploymentPostprocessing = 0;
		};
		87B1FD061D05461100981CF4 /* Sources */ = {
			isa = PBXSourcesBuildPhase;
			buildActionMask = 2147483647;
			files = (
				873BFCAA1D4359BE00F61B4B /* LaObjetTests.swift in Sources */,
				876A4B561D066EDC00D32E1B /* EdgeTests.swift in Sources */,
				87B9C0271D49249900534528 /* MNISTTest.swift in Sources */,
				875DD1C31D6C11B600A5C250 /* ArtTests.swift in Sources */,
				87B1FD3C1D0546FC00981CF4 /* BiasTests.swift in Sources */,
				87CFDE9A1D744BD600716188 /* GaussianTests.swift in Sources */,
				8719AE4D1D38BBE500F8DCA4 /* CellTests.swift in Sources */,
				87D8B4061D4B6E590010EA4F /* BlasTests.swift in Sources */,
				875DD1AC1D66B4ED00A5C250 /* CauchyTests.swift in Sources */,
				87AE7C971D755E720061F229 /* OptimizerTests.swift in Sources */,
				87CFDE9C1D753C2200716188 /* ArcaneTests.swift in Sources */,
			);
			runOnlyForDeploymentPostprocessing = 0;
		};
		87D3F1751D6CB1C300FA8C80 /* Sources */ = {
			isa = PBXSourcesBuildPhase;
			buildActionMask = 2147483647;
			files = (
				87D3F17E1D6CB1C300FA8C80 /* ViewController.swift in Sources */,
				87D3F17C1D6CB1C300FA8C80 /* AppDelegate.swift in Sources */,
			);
			runOnlyForDeploymentPostprocessing = 0;
		};
		87F2A6C31D73C8190090A509 /* Sources */ = {
			isa = PBXSourcesBuildPhase;
			buildActionMask = 2147483647;
			files = (
				87F2A6CA1D73C8190090A509 /* main.swift in Sources */,
				87F2A6CF1D73C82D0090A509 /* metal.metal in Sources */,
			);
			runOnlyForDeploymentPostprocessing = 0;
		};
/* End PBXSourcesBuildPhase section */

/* Begin PBXTargetDependency section */
		874347A91D6EF8E500B54F70 /* PBXTargetDependency */ = {
			isa = PBXTargetDependency;
			target = 8743479C1D6EF8E400B54F70 /* CL3 */;
			targetProxy = 874347A81D6EF8E500B54F70 /* PBXContainerItemProxy */;
		};
		878C7AA91D01AF13002CDFD1 /* PBXTargetDependency */ = {
			isa = PBXTargetDependency;
			target = 878C7AA21D01AF13002CDFD1 /* MNIST */;
			targetProxy = 878C7AA81D01AF13002CDFD1 /* PBXContainerItemProxy */;
		};
		87B1FD0D1D05461200981CF4 /* PBXTargetDependency */ = {
			isa = PBXTargetDependency;
			target = 87B1FD001D05461100981CF4 /* C3 */;
			targetProxy = 87B1FD0C1D05461200981CF4 /* PBXContainerItemProxy */;
		};
		87B1FD151D05461200981CF4 /* PBXTargetDependency */ = {
			isa = PBXTargetDependency;
			target = 87B1FD001D05461100981CF4 /* C3 */;
			targetProxy = 87B1FD141D05461200981CF4 /* PBXContainerItemProxy */;
		};
/* End PBXTargetDependency section */

/* Begin PBXVariantGroup section */
		878C7A971D01AF05002CDFD1 /* Main.storyboard */ = {
			isa = PBXVariantGroup;
			children = (
				878C7A981D01AF05002CDFD1 /* Base */,
			);
			name = Main.storyboard;
			sourceTree = "<group>";
		};
		87D3F1811D6CB1C300FA8C80 /* Main.storyboard */ = {
			isa = PBXVariantGroup;
			children = (
				87D3F1821D6CB1C300FA8C80 /* Base */,
			);
			name = Main.storyboard;
			sourceTree = "<group>";
		};
/* End PBXVariantGroup section */

/* Begin XCBuildConfiguration section */
		874347AE1D6EF8E500B54F70 /* Debug */ = {
			isa = XCBuildConfiguration;
			buildSettings = {
				ALWAYS_SEARCH_USER_PATHS = NO;
				CLANG_ANALYZER_NONNULL = YES;
				CLANG_CXX_LANGUAGE_STANDARD = "gnu++0x";
				CLANG_CXX_LIBRARY = "libc++";
				CLANG_ENABLE_MODULES = YES;
				CLANG_ENABLE_OBJC_ARC = YES;
				CLANG_WARN_BOOL_CONVERSION = YES;
				CLANG_WARN_CONSTANT_CONVERSION = YES;
				CLANG_WARN_DIRECT_OBJC_ISA_USAGE = YES_ERROR;
				CLANG_WARN_EMPTY_BODY = YES;
				CLANG_WARN_ENUM_CONVERSION = YES;
				CLANG_WARN_INT_CONVERSION = YES;
				CLANG_WARN_OBJC_ROOT_CLASS = YES_ERROR;
				CLANG_WARN_UNREACHABLE_CODE = YES;
				CLANG_WARN__DUPLICATE_METHOD_MATCH = YES;
				CODE_SIGN_IDENTITY = "-";
				COMBINE_HIDPI_IMAGES = YES;
				COPY_PHASE_STRIP = NO;
				CURRENT_PROJECT_VERSION = 1;
				DEBUG_INFORMATION_FORMAT = dwarf;
				DEFINES_MODULE = YES;
				DYLIB_COMPATIBILITY_VERSION = 1;
				DYLIB_CURRENT_VERSION = 1;
				DYLIB_INSTALL_NAME_BASE = "@rpath";
				ENABLE_STRICT_OBJC_MSGSEND = YES;
				ENABLE_TESTABILITY = YES;
				FRAMEWORK_VERSION = A;
				GCC_C_LANGUAGE_STANDARD = gnu99;
				GCC_DYNAMIC_NO_PIC = NO;
				GCC_NO_COMMON_BLOCKS = YES;
				GCC_OPTIMIZATION_LEVEL = 0;
				GCC_PREPROCESSOR_DEFINITIONS = (
					"DEBUG=1",
					"$(inherited)",
				);
				GCC_WARN_64_TO_32_BIT_CONVERSION = YES;
				GCC_WARN_ABOUT_RETURN_TYPE = YES_ERROR;
				GCC_WARN_UNDECLARED_SELECTOR = YES;
				GCC_WARN_UNINITIALIZED_AUTOS = YES_AGGRESSIVE;
				GCC_WARN_UNUSED_FUNCTION = YES;
				GCC_WARN_UNUSED_VARIABLE = YES;
				INFOPLIST_FILE = CL3/Info.plist;
				INSTALL_PATH = "$(LOCAL_LIBRARY_DIR)/Frameworks";
				LD_RUNPATH_SEARCH_PATHS = "$(inherited) @executable_path/../Frameworks @loader_path/Frameworks";
				MACOSX_DEPLOYMENT_TARGET = 10.11;
				MTL_ENABLE_DEBUG_INFO = YES;
				ONLY_ACTIVE_ARCH = YES;
				PRODUCT_BUNDLE_IDENTIFIER = com.organi2e.kn.kotan.CL3;
				PRODUCT_NAME = "$(TARGET_NAME)";
				SDKROOT = macosx;
				SKIP_INSTALL = YES;
				SWIFT_OPTIMIZATION_LEVEL = "-Onone";
				VERSIONING_SYSTEM = "apple-generic";
				VERSION_INFO_PREFIX = "";
			};
			name = Debug;
		};
		874347AF1D6EF8E500B54F70 /* Release */ = {
			isa = XCBuildConfiguration;
			buildSettings = {
				ALWAYS_SEARCH_USER_PATHS = NO;
				CLANG_ANALYZER_NONNULL = YES;
				CLANG_CXX_LANGUAGE_STANDARD = "gnu++0x";
				CLANG_CXX_LIBRARY = "libc++";
				CLANG_ENABLE_MODULES = YES;
				CLANG_ENABLE_OBJC_ARC = YES;
				CLANG_WARN_BOOL_CONVERSION = YES;
				CLANG_WARN_CONSTANT_CONVERSION = YES;
				CLANG_WARN_DIRECT_OBJC_ISA_USAGE = YES_ERROR;
				CLANG_WARN_EMPTY_BODY = YES;
				CLANG_WARN_ENUM_CONVERSION = YES;
				CLANG_WARN_INT_CONVERSION = YES;
				CLANG_WARN_OBJC_ROOT_CLASS = YES_ERROR;
				CLANG_WARN_UNREACHABLE_CODE = YES;
				CLANG_WARN__DUPLICATE_METHOD_MATCH = YES;
				CODE_SIGN_IDENTITY = "-";
				COMBINE_HIDPI_IMAGES = YES;
				COPY_PHASE_STRIP = NO;
				CURRENT_PROJECT_VERSION = 1;
				DEBUG_INFORMATION_FORMAT = "dwarf-with-dsym";
				DEFINES_MODULE = YES;
				DYLIB_COMPATIBILITY_VERSION = 1;
				DYLIB_CURRENT_VERSION = 1;
				DYLIB_INSTALL_NAME_BASE = "@rpath";
				ENABLE_NS_ASSERTIONS = NO;
				ENABLE_STRICT_OBJC_MSGSEND = YES;
				FRAMEWORK_VERSION = A;
				GCC_C_LANGUAGE_STANDARD = gnu99;
				GCC_NO_COMMON_BLOCKS = YES;
				GCC_WARN_64_TO_32_BIT_CONVERSION = YES;
				GCC_WARN_ABOUT_RETURN_TYPE = YES_ERROR;
				GCC_WARN_UNDECLARED_SELECTOR = YES;
				GCC_WARN_UNINITIALIZED_AUTOS = YES_AGGRESSIVE;
				GCC_WARN_UNUSED_FUNCTION = YES;
				GCC_WARN_UNUSED_VARIABLE = YES;
				INFOPLIST_FILE = CL3/Info.plist;
				INSTALL_PATH = "$(LOCAL_LIBRARY_DIR)/Frameworks";
				LD_RUNPATH_SEARCH_PATHS = "$(inherited) @executable_path/../Frameworks @loader_path/Frameworks";
				MACOSX_DEPLOYMENT_TARGET = 10.11;
				MTL_ENABLE_DEBUG_INFO = NO;
				PRODUCT_BUNDLE_IDENTIFIER = com.organi2e.kn.kotan.CL3;
				PRODUCT_NAME = "$(TARGET_NAME)";
				SDKROOT = macosx;
				SKIP_INSTALL = YES;
				VERSIONING_SYSTEM = "apple-generic";
				VERSION_INFO_PREFIX = "";
			};
			name = Release;
		};
		874347B01D6EF8E500B54F70 /* Debug */ = {
			isa = XCBuildConfiguration;
			buildSettings = {
				ALWAYS_SEARCH_USER_PATHS = NO;
				CLANG_ANALYZER_NONNULL = YES;
				CLANG_CXX_LANGUAGE_STANDARD = "gnu++0x";
				CLANG_CXX_LIBRARY = "libc++";
				CLANG_ENABLE_MODULES = YES;
				CLANG_ENABLE_OBJC_ARC = YES;
				CLANG_WARN_BOOL_CONVERSION = YES;
				CLANG_WARN_CONSTANT_CONVERSION = YES;
				CLANG_WARN_DIRECT_OBJC_ISA_USAGE = YES_ERROR;
				CLANG_WARN_EMPTY_BODY = YES;
				CLANG_WARN_ENUM_CONVERSION = YES;
				CLANG_WARN_INT_CONVERSION = YES;
				CLANG_WARN_OBJC_ROOT_CLASS = YES_ERROR;
				CLANG_WARN_UNREACHABLE_CODE = YES;
				CLANG_WARN__DUPLICATE_METHOD_MATCH = YES;
				CODE_SIGN_IDENTITY = "-";
				COMBINE_HIDPI_IMAGES = YES;
				COPY_PHASE_STRIP = NO;
				DEBUG_INFORMATION_FORMAT = dwarf;
				ENABLE_STRICT_OBJC_MSGSEND = YES;
				ENABLE_TESTABILITY = YES;
				GCC_C_LANGUAGE_STANDARD = gnu99;
				GCC_DYNAMIC_NO_PIC = NO;
				GCC_NO_COMMON_BLOCKS = YES;
				GCC_OPTIMIZATION_LEVEL = 0;
				GCC_PREPROCESSOR_DEFINITIONS = (
					"DEBUG=1",
					"$(inherited)",
				);
				GCC_WARN_64_TO_32_BIT_CONVERSION = YES;
				GCC_WARN_ABOUT_RETURN_TYPE = YES_ERROR;
				GCC_WARN_UNDECLARED_SELECTOR = YES;
				GCC_WARN_UNINITIALIZED_AUTOS = YES_AGGRESSIVE;
				GCC_WARN_UNUSED_FUNCTION = YES;
				GCC_WARN_UNUSED_VARIABLE = YES;
				INFOPLIST_FILE = CL3Tests/Info.plist;
				LD_RUNPATH_SEARCH_PATHS = "$(inherited) @executable_path/../Frameworks @loader_path/../Frameworks";
				MACOSX_DEPLOYMENT_TARGET = 10.11;
				MTL_ENABLE_DEBUG_INFO = YES;
				ONLY_ACTIVE_ARCH = YES;
				PRODUCT_BUNDLE_IDENTIFIER = com.organi2e.kn.kotan.CL3Tests;
				PRODUCT_NAME = "$(TARGET_NAME)";
				SDKROOT = macosx;
				SWIFT_OPTIMIZATION_LEVEL = "-Onone";
			};
			name = Debug;
		};
		874347B11D6EF8E500B54F70 /* Release */ = {
			isa = XCBuildConfiguration;
			buildSettings = {
				ALWAYS_SEARCH_USER_PATHS = NO;
				CLANG_ANALYZER_NONNULL = YES;
				CLANG_CXX_LANGUAGE_STANDARD = "gnu++0x";
				CLANG_CXX_LIBRARY = "libc++";
				CLANG_ENABLE_MODULES = YES;
				CLANG_ENABLE_OBJC_ARC = YES;
				CLANG_WARN_BOOL_CONVERSION = YES;
				CLANG_WARN_CONSTANT_CONVERSION = YES;
				CLANG_WARN_DIRECT_OBJC_ISA_USAGE = YES_ERROR;
				CLANG_WARN_EMPTY_BODY = YES;
				CLANG_WARN_ENUM_CONVERSION = YES;
				CLANG_WARN_INT_CONVERSION = YES;
				CLANG_WARN_OBJC_ROOT_CLASS = YES_ERROR;
				CLANG_WARN_UNREACHABLE_CODE = YES;
				CLANG_WARN__DUPLICATE_METHOD_MATCH = YES;
				CODE_SIGN_IDENTITY = "-";
				COMBINE_HIDPI_IMAGES = YES;
				COPY_PHASE_STRIP = NO;
				DEBUG_INFORMATION_FORMAT = "dwarf-with-dsym";
				ENABLE_NS_ASSERTIONS = NO;
				ENABLE_STRICT_OBJC_MSGSEND = YES;
				GCC_C_LANGUAGE_STANDARD = gnu99;
				GCC_NO_COMMON_BLOCKS = YES;
				GCC_WARN_64_TO_32_BIT_CONVERSION = YES;
				GCC_WARN_ABOUT_RETURN_TYPE = YES_ERROR;
				GCC_WARN_UNDECLARED_SELECTOR = YES;
				GCC_WARN_UNINITIALIZED_AUTOS = YES_AGGRESSIVE;
				GCC_WARN_UNUSED_FUNCTION = YES;
				GCC_WARN_UNUSED_VARIABLE = YES;
				INFOPLIST_FILE = CL3Tests/Info.plist;
				LD_RUNPATH_SEARCH_PATHS = "$(inherited) @executable_path/../Frameworks @loader_path/../Frameworks";
				MACOSX_DEPLOYMENT_TARGET = 10.11;
				MTL_ENABLE_DEBUG_INFO = NO;
				PRODUCT_BUNDLE_IDENTIFIER = com.organi2e.kn.kotan.CL3Tests;
				PRODUCT_NAME = "$(TARGET_NAME)";
				SDKROOT = macosx;
			};
			name = Release;
		};
		875DD1DC1D6C5FC800A5C250 /* Debug */ = {
			isa = XCBuildConfiguration;
			buildSettings = {
				ALWAYS_SEARCH_USER_PATHS = NO;
				CLANG_ANALYZER_NONNULL = YES;
				CLANG_CXX_LANGUAGE_STANDARD = "gnu++0x";
				CLANG_CXX_LIBRARY = "libc++";
				CLANG_ENABLE_MODULES = YES;
				CLANG_ENABLE_OBJC_ARC = YES;
				CLANG_WARN_BOOL_CONVERSION = YES;
				CLANG_WARN_CONSTANT_CONVERSION = YES;
				CLANG_WARN_DIRECT_OBJC_ISA_USAGE = YES_ERROR;
				CLANG_WARN_EMPTY_BODY = YES;
				CLANG_WARN_ENUM_CONVERSION = YES;
				CLANG_WARN_INT_CONVERSION = YES;
				CLANG_WARN_OBJC_ROOT_CLASS = YES_ERROR;
				CLANG_WARN_UNREACHABLE_CODE = YES;
				CLANG_WARN__DUPLICATE_METHOD_MATCH = YES;
				CODE_SIGN_IDENTITY = "-";
				COMBINE_HIDPI_IMAGES = YES;
				COPY_PHASE_STRIP = NO;
				CURRENT_PROJECT_VERSION = 1;
				DEBUG_INFORMATION_FORMAT = dwarf;
				DEFINES_MODULE = YES;
				DYLIB_COMPATIBILITY_VERSION = 1;
				DYLIB_CURRENT_VERSION = 1;
				DYLIB_INSTALL_NAME_BASE = "@rpath";
				ENABLE_STRICT_OBJC_MSGSEND = YES;
				ENABLE_TESTABILITY = YES;
				FRAMEWORK_VERSION = A;
				GCC_C_LANGUAGE_STANDARD = gnu99;
				GCC_DYNAMIC_NO_PIC = NO;
				GCC_NO_COMMON_BLOCKS = YES;
				GCC_OPTIMIZATION_LEVEL = 0;
				GCC_PREPROCESSOR_DEFINITIONS = (
					"DEBUG=1",
					"$(inherited)",
				);
				GCC_WARN_64_TO_32_BIT_CONVERSION = YES;
				GCC_WARN_ABOUT_RETURN_TYPE = YES_ERROR;
				GCC_WARN_UNDECLARED_SELECTOR = YES;
				GCC_WARN_UNINITIALIZED_AUTOS = YES_AGGRESSIVE;
				GCC_WARN_UNUSED_FUNCTION = YES;
				GCC_WARN_UNUSED_VARIABLE = YES;
				INFOPLIST_FILE = CIFAR10/Info.plist;
				INSTALL_PATH = "$(LOCAL_LIBRARY_DIR)/Frameworks";
				LD_RUNPATH_SEARCH_PATHS = "$(inherited) @executable_path/../Frameworks @loader_path/Frameworks";
				MACOSX_DEPLOYMENT_TARGET = 10.11;
				MTL_ENABLE_DEBUG_INFO = YES;
				ONLY_ACTIVE_ARCH = YES;
				PRODUCT_BUNDLE_IDENTIFIER = com.organi2e.kn.kotan.CIFAR10;
				PRODUCT_NAME = "$(TARGET_NAME)";
				SDKROOT = macosx;
				SKIP_INSTALL = YES;
				SWIFT_OPTIMIZATION_LEVEL = "-Onone";
				VERSIONING_SYSTEM = "apple-generic";
				VERSION_INFO_PREFIX = "";
			};
			name = Debug;
		};
		875DD1DD1D6C5FC800A5C250 /* Release */ = {
			isa = XCBuildConfiguration;
			buildSettings = {
				ALWAYS_SEARCH_USER_PATHS = NO;
				CLANG_ANALYZER_NONNULL = YES;
				CLANG_CXX_LANGUAGE_STANDARD = "gnu++0x";
				CLANG_CXX_LIBRARY = "libc++";
				CLANG_ENABLE_MODULES = YES;
				CLANG_ENABLE_OBJC_ARC = YES;
				CLANG_WARN_BOOL_CONVERSION = YES;
				CLANG_WARN_CONSTANT_CONVERSION = YES;
				CLANG_WARN_DIRECT_OBJC_ISA_USAGE = YES_ERROR;
				CLANG_WARN_EMPTY_BODY = YES;
				CLANG_WARN_ENUM_CONVERSION = YES;
				CLANG_WARN_INT_CONVERSION = YES;
				CLANG_WARN_OBJC_ROOT_CLASS = YES_ERROR;
				CLANG_WARN_UNREACHABLE_CODE = YES;
				CLANG_WARN__DUPLICATE_METHOD_MATCH = YES;
				CODE_SIGN_IDENTITY = "-";
				COMBINE_HIDPI_IMAGES = YES;
				COPY_PHASE_STRIP = NO;
				CURRENT_PROJECT_VERSION = 1;
				DEBUG_INFORMATION_FORMAT = "dwarf-with-dsym";
				DEFINES_MODULE = YES;
				DYLIB_COMPATIBILITY_VERSION = 1;
				DYLIB_CURRENT_VERSION = 1;
				DYLIB_INSTALL_NAME_BASE = "@rpath";
				ENABLE_NS_ASSERTIONS = NO;
				ENABLE_STRICT_OBJC_MSGSEND = YES;
				FRAMEWORK_VERSION = A;
				GCC_C_LANGUAGE_STANDARD = gnu99;
				GCC_NO_COMMON_BLOCKS = YES;
				GCC_WARN_64_TO_32_BIT_CONVERSION = YES;
				GCC_WARN_ABOUT_RETURN_TYPE = YES_ERROR;
				GCC_WARN_UNDECLARED_SELECTOR = YES;
				GCC_WARN_UNINITIALIZED_AUTOS = YES_AGGRESSIVE;
				GCC_WARN_UNUSED_FUNCTION = YES;
				GCC_WARN_UNUSED_VARIABLE = YES;
				INFOPLIST_FILE = CIFAR10/Info.plist;
				INSTALL_PATH = "$(LOCAL_LIBRARY_DIR)/Frameworks";
				LD_RUNPATH_SEARCH_PATHS = "$(inherited) @executable_path/../Frameworks @loader_path/Frameworks";
				MACOSX_DEPLOYMENT_TARGET = 10.11;
				MTL_ENABLE_DEBUG_INFO = NO;
				PRODUCT_BUNDLE_IDENTIFIER = com.organi2e.kn.kotan.CIFAR10;
				PRODUCT_NAME = "$(TARGET_NAME)";
				SDKROOT = macosx;
				SKIP_INSTALL = YES;
				VERSIONING_SYSTEM = "apple-generic";
				VERSION_INFO_PREFIX = "";
			};
			name = Release;
		};
		878C7A5C1D01AE4D002CDFD1 /* Debug */ = {
			isa = XCBuildConfiguration;
			buildSettings = {
			};
			name = Debug;
		};
		878C7A5D1D01AE4D002CDFD1 /* Release */ = {
			isa = XCBuildConfiguration;
			buildSettings = {
			};
			name = Release;
		};
		878C7A9C1D01AF05002CDFD1 /* Debug */ = {
			isa = XCBuildConfiguration;
			buildSettings = {
				ALWAYS_SEARCH_USER_PATHS = NO;
				ASSETCATALOG_COMPILER_APPICON_NAME = AppIcon;
				CLANG_ANALYZER_NONNULL = YES;
				CLANG_CXX_LANGUAGE_STANDARD = "gnu++0x";
				CLANG_CXX_LIBRARY = "libc++";
				CLANG_ENABLE_MODULES = YES;
				CLANG_ENABLE_OBJC_ARC = YES;
				CLANG_WARN_BOOL_CONVERSION = YES;
				CLANG_WARN_CONSTANT_CONVERSION = YES;
				CLANG_WARN_DIRECT_OBJC_ISA_USAGE = YES_ERROR;
				CLANG_WARN_EMPTY_BODY = YES;
				CLANG_WARN_ENUM_CONVERSION = YES;
				CLANG_WARN_INT_CONVERSION = YES;
				CLANG_WARN_OBJC_ROOT_CLASS = YES_ERROR;
				CLANG_WARN_UNREACHABLE_CODE = YES;
				CLANG_WARN__DUPLICATE_METHOD_MATCH = YES;
				CODE_SIGN_IDENTITY = "-";
				COMBINE_HIDPI_IMAGES = YES;
				COPY_PHASE_STRIP = NO;
				DEBUG_INFORMATION_FORMAT = dwarf;
				EMBEDDED_CONTENT_CONTAINS_SWIFT = YES;
				ENABLE_STRICT_OBJC_MSGSEND = YES;
				ENABLE_TESTABILITY = YES;
				GCC_C_LANGUAGE_STANDARD = gnu99;
				GCC_DYNAMIC_NO_PIC = NO;
				GCC_NO_COMMON_BLOCKS = YES;
				GCC_OPTIMIZATION_LEVEL = 0;
				GCC_PREPROCESSOR_DEFINITIONS = (
					"DEBUG=1",
					"$(inherited)",
				);
				GCC_WARN_64_TO_32_BIT_CONVERSION = YES;
				GCC_WARN_ABOUT_RETURN_TYPE = YES_ERROR;
				GCC_WARN_UNDECLARED_SELECTOR = YES;
				GCC_WARN_UNINITIALIZED_AUTOS = YES_AGGRESSIVE;
				GCC_WARN_UNUSED_FUNCTION = YES;
				GCC_WARN_UNUSED_VARIABLE = YES;
				INFOPLIST_FILE = sandbox/Info.plist;
				LD_RUNPATH_SEARCH_PATHS = "$(inherited) @executable_path/../Frameworks";
				MACOSX_DEPLOYMENT_TARGET = 10.11;
				MTL_ENABLE_DEBUG_INFO = YES;
				ONLY_ACTIVE_ARCH = YES;
				PRODUCT_BUNDLE_IDENTIFIER = com.organi2e.kn.kotan.sandbox;
				PRODUCT_NAME = "$(TARGET_NAME)";
				SDKROOT = macosx;
				SWIFT_OPTIMIZATION_LEVEL = "-Onone";
			};
			name = Debug;
		};
		878C7A9D1D01AF05002CDFD1 /* Release */ = {
			isa = XCBuildConfiguration;
			buildSettings = {
				ALWAYS_SEARCH_USER_PATHS = NO;
				ASSETCATALOG_COMPILER_APPICON_NAME = AppIcon;
				CLANG_ANALYZER_NONNULL = YES;
				CLANG_CXX_LANGUAGE_STANDARD = "gnu++0x";
				CLANG_CXX_LIBRARY = "libc++";
				CLANG_ENABLE_MODULES = YES;
				CLANG_ENABLE_OBJC_ARC = YES;
				CLANG_WARN_BOOL_CONVERSION = YES;
				CLANG_WARN_CONSTANT_CONVERSION = YES;
				CLANG_WARN_DIRECT_OBJC_ISA_USAGE = YES_ERROR;
				CLANG_WARN_EMPTY_BODY = YES;
				CLANG_WARN_ENUM_CONVERSION = YES;
				CLANG_WARN_INT_CONVERSION = YES;
				CLANG_WARN_OBJC_ROOT_CLASS = YES_ERROR;
				CLANG_WARN_UNREACHABLE_CODE = YES;
				CLANG_WARN__DUPLICATE_METHOD_MATCH = YES;
				CODE_SIGN_IDENTITY = "-";
				COMBINE_HIDPI_IMAGES = YES;
				COPY_PHASE_STRIP = NO;
				DEBUG_INFORMATION_FORMAT = "dwarf-with-dsym";
				EMBEDDED_CONTENT_CONTAINS_SWIFT = YES;
				ENABLE_NS_ASSERTIONS = NO;
				ENABLE_STRICT_OBJC_MSGSEND = YES;
				GCC_C_LANGUAGE_STANDARD = gnu99;
				GCC_NO_COMMON_BLOCKS = YES;
				GCC_WARN_64_TO_32_BIT_CONVERSION = YES;
				GCC_WARN_ABOUT_RETURN_TYPE = YES_ERROR;
				GCC_WARN_UNDECLARED_SELECTOR = YES;
				GCC_WARN_UNINITIALIZED_AUTOS = YES_AGGRESSIVE;
				GCC_WARN_UNUSED_FUNCTION = YES;
				GCC_WARN_UNUSED_VARIABLE = YES;
				INFOPLIST_FILE = sandbox/Info.plist;
				LD_RUNPATH_SEARCH_PATHS = "$(inherited) @executable_path/../Frameworks";
				MACOSX_DEPLOYMENT_TARGET = 10.11;
				MTL_ENABLE_DEBUG_INFO = NO;
				PRODUCT_BUNDLE_IDENTIFIER = com.organi2e.kn.kotan.sandbox;
				PRODUCT_NAME = "$(TARGET_NAME)";
				SDKROOT = macosx;
			};
			name = Release;
		};
		878C7AAD1D01AF13002CDFD1 /* Debug */ = {
			isa = XCBuildConfiguration;
			buildSettings = {
				ALWAYS_SEARCH_USER_PATHS = NO;
				CLANG_ANALYZER_NONNULL = YES;
				CLANG_CXX_LANGUAGE_STANDARD = "gnu++0x";
				CLANG_CXX_LIBRARY = "libc++";
				CLANG_ENABLE_MODULES = YES;
				CLANG_ENABLE_OBJC_ARC = YES;
				CLANG_WARN_BOOL_CONVERSION = YES;
				CLANG_WARN_CONSTANT_CONVERSION = YES;
				CLANG_WARN_DIRECT_OBJC_ISA_USAGE = YES_ERROR;
				CLANG_WARN_EMPTY_BODY = YES;
				CLANG_WARN_ENUM_CONVERSION = YES;
				CLANG_WARN_INT_CONVERSION = YES;
				CLANG_WARN_OBJC_ROOT_CLASS = YES_ERROR;
				CLANG_WARN_UNREACHABLE_CODE = YES;
				CLANG_WARN__DUPLICATE_METHOD_MATCH = YES;
				CODE_SIGN_IDENTITY = "-";
				COMBINE_HIDPI_IMAGES = YES;
				COPY_PHASE_STRIP = NO;
				CURRENT_PROJECT_VERSION = 1;
				DEBUG_INFORMATION_FORMAT = dwarf;
				DEFINES_MODULE = YES;
				DYLIB_COMPATIBILITY_VERSION = 1;
				DYLIB_CURRENT_VERSION = 1;
				DYLIB_INSTALL_NAME_BASE = "@rpath";
				ENABLE_STRICT_OBJC_MSGSEND = YES;
				ENABLE_TESTABILITY = YES;
				FRAMEWORK_VERSION = A;
				GCC_C_LANGUAGE_STANDARD = gnu99;
				GCC_DYNAMIC_NO_PIC = NO;
				GCC_NO_COMMON_BLOCKS = YES;
				GCC_OPTIMIZATION_LEVEL = 0;
				GCC_PREPROCESSOR_DEFINITIONS = (
					"DEBUG=1",
					"$(inherited)",
				);
				GCC_WARN_64_TO_32_BIT_CONVERSION = YES;
				GCC_WARN_ABOUT_RETURN_TYPE = YES_ERROR;
				GCC_WARN_UNDECLARED_SELECTOR = YES;
				GCC_WARN_UNINITIALIZED_AUTOS = YES_AGGRESSIVE;
				GCC_WARN_UNUSED_FUNCTION = YES;
				GCC_WARN_UNUSED_VARIABLE = YES;
				INFOPLIST_FILE = MNIST/Info.plist;
				INSTALL_PATH = "$(LOCAL_LIBRARY_DIR)/Frameworks";
				LD_RUNPATH_SEARCH_PATHS = "$(inherited) @executable_path/../Frameworks @loader_path/Frameworks";
				MACOSX_DEPLOYMENT_TARGET = 10.11;
				MTL_ENABLE_DEBUG_INFO = YES;
				ONLY_ACTIVE_ARCH = YES;
				PRODUCT_BUNDLE_IDENTIFIER = com.organi2e.kn.kotan.MNIST;
				PRODUCT_NAME = "$(TARGET_NAME)";
				SDKROOT = macosx;
				SKIP_INSTALL = YES;
				SWIFT_OPTIMIZATION_LEVEL = "-Onone";
				VERSIONING_SYSTEM = "apple-generic";
				VERSION_INFO_PREFIX = "";
			};
			name = Debug;
		};
		878C7AAE1D01AF13002CDFD1 /* Release */ = {
			isa = XCBuildConfiguration;
			buildSettings = {
				ALWAYS_SEARCH_USER_PATHS = NO;
				CLANG_ANALYZER_NONNULL = YES;
				CLANG_CXX_LANGUAGE_STANDARD = "gnu++0x";
				CLANG_CXX_LIBRARY = "libc++";
				CLANG_ENABLE_MODULES = YES;
				CLANG_ENABLE_OBJC_ARC = YES;
				CLANG_WARN_BOOL_CONVERSION = YES;
				CLANG_WARN_CONSTANT_CONVERSION = YES;
				CLANG_WARN_DIRECT_OBJC_ISA_USAGE = YES_ERROR;
				CLANG_WARN_EMPTY_BODY = YES;
				CLANG_WARN_ENUM_CONVERSION = YES;
				CLANG_WARN_INT_CONVERSION = YES;
				CLANG_WARN_OBJC_ROOT_CLASS = YES_ERROR;
				CLANG_WARN_UNREACHABLE_CODE = YES;
				CLANG_WARN__DUPLICATE_METHOD_MATCH = YES;
				CODE_SIGN_IDENTITY = "-";
				COMBINE_HIDPI_IMAGES = YES;
				COPY_PHASE_STRIP = NO;
				CURRENT_PROJECT_VERSION = 1;
				DEBUG_INFORMATION_FORMAT = "dwarf-with-dsym";
				DEFINES_MODULE = YES;
				DYLIB_COMPATIBILITY_VERSION = 1;
				DYLIB_CURRENT_VERSION = 1;
				DYLIB_INSTALL_NAME_BASE = "@rpath";
				ENABLE_NS_ASSERTIONS = NO;
				ENABLE_STRICT_OBJC_MSGSEND = YES;
				FRAMEWORK_VERSION = A;
				GCC_C_LANGUAGE_STANDARD = gnu99;
				GCC_NO_COMMON_BLOCKS = YES;
				GCC_WARN_64_TO_32_BIT_CONVERSION = YES;
				GCC_WARN_ABOUT_RETURN_TYPE = YES_ERROR;
				GCC_WARN_UNDECLARED_SELECTOR = YES;
				GCC_WARN_UNINITIALIZED_AUTOS = YES_AGGRESSIVE;
				GCC_WARN_UNUSED_FUNCTION = YES;
				GCC_WARN_UNUSED_VARIABLE = YES;
				INFOPLIST_FILE = MNIST/Info.plist;
				INSTALL_PATH = "$(LOCAL_LIBRARY_DIR)/Frameworks";
				LD_RUNPATH_SEARCH_PATHS = "$(inherited) @executable_path/../Frameworks @loader_path/Frameworks";
				MACOSX_DEPLOYMENT_TARGET = 10.11;
				MTL_ENABLE_DEBUG_INFO = NO;
				PRODUCT_BUNDLE_IDENTIFIER = com.organi2e.kn.kotan.MNIST;
				PRODUCT_NAME = "$(TARGET_NAME)";
				SDKROOT = macosx;
				SKIP_INSTALL = YES;
				VERSIONING_SYSTEM = "apple-generic";
				VERSION_INFO_PREFIX = "";
			};
			name = Release;
		};
		87B1FD191D05461200981CF4 /* Debug */ = {
			isa = XCBuildConfiguration;
			buildSettings = {
				ALWAYS_SEARCH_USER_PATHS = NO;
				CLANG_ANALYZER_NONNULL = YES;
				CLANG_CXX_LANGUAGE_STANDARD = "gnu++0x";
				CLANG_CXX_LIBRARY = "libc++";
				CLANG_ENABLE_MODULES = YES;
				CLANG_ENABLE_OBJC_ARC = YES;
				CLANG_WARN_BOOL_CONVERSION = YES;
				CLANG_WARN_CONSTANT_CONVERSION = YES;
				CLANG_WARN_DIRECT_OBJC_ISA_USAGE = YES_ERROR;
				CLANG_WARN_EMPTY_BODY = YES;
				CLANG_WARN_ENUM_CONVERSION = YES;
				CLANG_WARN_INT_CONVERSION = YES;
				CLANG_WARN_OBJC_ROOT_CLASS = YES_ERROR;
				CLANG_WARN_UNREACHABLE_CODE = YES;
				CLANG_WARN__DUPLICATE_METHOD_MATCH = YES;
				CODE_SIGN_IDENTITY = "-";
				COMBINE_HIDPI_IMAGES = YES;
				COPY_PHASE_STRIP = NO;
				CURRENT_PROJECT_VERSION = 1;
				DEBUG_INFORMATION_FORMAT = dwarf;
				DEFINES_MODULE = YES;
				DYLIB_COMPATIBILITY_VERSION = 1;
				DYLIB_CURRENT_VERSION = 1;
				DYLIB_INSTALL_NAME_BASE = "@rpath";
				ENABLE_STRICT_OBJC_MSGSEND = YES;
				ENABLE_TESTABILITY = YES;
				FRAMEWORK_VERSION = A;
				GCC_C_LANGUAGE_STANDARD = gnu99;
				GCC_DYNAMIC_NO_PIC = NO;
				GCC_NO_COMMON_BLOCKS = YES;
				GCC_OPTIMIZATION_LEVEL = 0;
				GCC_PREPROCESSOR_DEFINITIONS = (
					"DEBUG=1",
					"$(inherited)",
				);
				GCC_WARN_64_TO_32_BIT_CONVERSION = YES;
				GCC_WARN_ABOUT_RETURN_TYPE = YES_ERROR;
				GCC_WARN_UNDECLARED_SELECTOR = YES;
				GCC_WARN_UNINITIALIZED_AUTOS = YES_AGGRESSIVE;
				GCC_WARN_UNUSED_FUNCTION = YES;
				GCC_WARN_UNUSED_VARIABLE = YES;
				INFOPLIST_FILE = "C³/Info.plist";
				INSTALL_PATH = "$(LOCAL_LIBRARY_DIR)/Frameworks";
				LD_RUNPATH_SEARCH_PATHS = "$(inherited) @executable_path/../Frameworks @loader_path/Frameworks";
				MACOSX_DEPLOYMENT_TARGET = 10.11;
				MTL_ENABLE_DEBUG_INFO = YES;
				ONLY_ACTIVE_ARCH = YES;
				PRODUCT_BUNDLE_IDENTIFIER = com.organi2e.kn.kotan.C3;
				PRODUCT_NAME = "$(TARGET_NAME)";
				SDKROOT = macosx;
				SKIP_INSTALL = YES;
				SWIFT_OPTIMIZATION_LEVEL = "-Onone";
				VERSIONING_SYSTEM = "apple-generic";
				VERSION_INFO_PREFIX = "";
			};
			name = Debug;
		};
		87B1FD1A1D05461200981CF4 /* Release */ = {
			isa = XCBuildConfiguration;
			buildSettings = {
				ALWAYS_SEARCH_USER_PATHS = NO;
				CLANG_ANALYZER_NONNULL = YES;
				CLANG_CXX_LANGUAGE_STANDARD = "gnu++0x";
				CLANG_CXX_LIBRARY = "libc++";
				CLANG_ENABLE_MODULES = YES;
				CLANG_ENABLE_OBJC_ARC = YES;
				CLANG_WARN_BOOL_CONVERSION = YES;
				CLANG_WARN_CONSTANT_CONVERSION = YES;
				CLANG_WARN_DIRECT_OBJC_ISA_USAGE = YES_ERROR;
				CLANG_WARN_EMPTY_BODY = YES;
				CLANG_WARN_ENUM_CONVERSION = YES;
				CLANG_WARN_INT_CONVERSION = YES;
				CLANG_WARN_OBJC_ROOT_CLASS = YES_ERROR;
				CLANG_WARN_UNREACHABLE_CODE = YES;
				CLANG_WARN__DUPLICATE_METHOD_MATCH = YES;
				CODE_SIGN_IDENTITY = "-";
				COMBINE_HIDPI_IMAGES = YES;
				COPY_PHASE_STRIP = NO;
				CURRENT_PROJECT_VERSION = 1;
				DEBUG_INFORMATION_FORMAT = "dwarf-with-dsym";
				DEFINES_MODULE = YES;
				DYLIB_COMPATIBILITY_VERSION = 1;
				DYLIB_CURRENT_VERSION = 1;
				DYLIB_INSTALL_NAME_BASE = "@rpath";
				ENABLE_NS_ASSERTIONS = NO;
				ENABLE_STRICT_OBJC_MSGSEND = YES;
				FRAMEWORK_VERSION = A;
				GCC_C_LANGUAGE_STANDARD = gnu99;
				GCC_NO_COMMON_BLOCKS = YES;
				GCC_WARN_64_TO_32_BIT_CONVERSION = YES;
				GCC_WARN_ABOUT_RETURN_TYPE = YES_ERROR;
				GCC_WARN_UNDECLARED_SELECTOR = YES;
				GCC_WARN_UNINITIALIZED_AUTOS = YES_AGGRESSIVE;
				GCC_WARN_UNUSED_FUNCTION = YES;
				GCC_WARN_UNUSED_VARIABLE = YES;
				INFOPLIST_FILE = "C³/Info.plist";
				INSTALL_PATH = "$(LOCAL_LIBRARY_DIR)/Frameworks";
				LD_RUNPATH_SEARCH_PATHS = "$(inherited) @executable_path/../Frameworks @loader_path/Frameworks";
				MACOSX_DEPLOYMENT_TARGET = 10.11;
				MTL_ENABLE_DEBUG_INFO = NO;
				PRODUCT_BUNDLE_IDENTIFIER = com.organi2e.kn.kotan.C3;
				PRODUCT_NAME = "$(TARGET_NAME)";
				SDKROOT = macosx;
				SKIP_INSTALL = YES;
				VERSIONING_SYSTEM = "apple-generic";
				VERSION_INFO_PREFIX = "";
			};
			name = Release;
		};
		87B1FD1C1D05461200981CF4 /* Debug */ = {
			isa = XCBuildConfiguration;
			buildSettings = {
				ALWAYS_SEARCH_USER_PATHS = NO;
				CLANG_ANALYZER_NONNULL = YES;
				CLANG_CXX_LANGUAGE_STANDARD = "gnu++0x";
				CLANG_CXX_LIBRARY = "libc++";
				CLANG_ENABLE_MODULES = YES;
				CLANG_ENABLE_OBJC_ARC = YES;
				CLANG_WARN_BOOL_CONVERSION = YES;
				CLANG_WARN_CONSTANT_CONVERSION = YES;
				CLANG_WARN_DIRECT_OBJC_ISA_USAGE = YES_ERROR;
				CLANG_WARN_EMPTY_BODY = YES;
				CLANG_WARN_ENUM_CONVERSION = YES;
				CLANG_WARN_INT_CONVERSION = YES;
				CLANG_WARN_OBJC_ROOT_CLASS = YES_ERROR;
				CLANG_WARN_UNREACHABLE_CODE = YES;
				CLANG_WARN__DUPLICATE_METHOD_MATCH = YES;
				CODE_SIGN_IDENTITY = "-";
				COMBINE_HIDPI_IMAGES = YES;
				COPY_PHASE_STRIP = NO;
				DEBUG_INFORMATION_FORMAT = dwarf;
				ENABLE_STRICT_OBJC_MSGSEND = YES;
				ENABLE_TESTABILITY = YES;
				GCC_C_LANGUAGE_STANDARD = gnu99;
				GCC_DYNAMIC_NO_PIC = NO;
				GCC_NO_COMMON_BLOCKS = YES;
				GCC_OPTIMIZATION_LEVEL = 0;
				GCC_PREPROCESSOR_DEFINITIONS = (
					"DEBUG=1",
					"$(inherited)",
				);
				GCC_WARN_64_TO_32_BIT_CONVERSION = YES;
				GCC_WARN_ABOUT_RETURN_TYPE = YES_ERROR;
				GCC_WARN_UNDECLARED_SELECTOR = YES;
				GCC_WARN_UNINITIALIZED_AUTOS = YES_AGGRESSIVE;
				GCC_WARN_UNUSED_FUNCTION = YES;
				GCC_WARN_UNUSED_VARIABLE = YES;
				INFOPLIST_FILE = "C³Tests/Info.plist";
				LD_RUNPATH_SEARCH_PATHS = "$(inherited) @executable_path/../Frameworks @loader_path/../Frameworks";
				MACOSX_DEPLOYMENT_TARGET = 10.11;
				MTL_ENABLE_DEBUG_INFO = YES;
				ONLY_ACTIVE_ARCH = YES;
				PRODUCT_BUNDLE_IDENTIFIER = "com.organi2e.kn.kotan.C-Tests";
				PRODUCT_NAME = "$(TARGET_NAME)";
				SDKROOT = macosx;
				SWIFT_OPTIMIZATION_LEVEL = "-Onone";
			};
			name = Debug;
		};
		87B1FD1D1D05461200981CF4 /* Release */ = {
			isa = XCBuildConfiguration;
			buildSettings = {
				ALWAYS_SEARCH_USER_PATHS = NO;
				CLANG_ANALYZER_NONNULL = YES;
				CLANG_CXX_LANGUAGE_STANDARD = "gnu++0x";
				CLANG_CXX_LIBRARY = "libc++";
				CLANG_ENABLE_MODULES = YES;
				CLANG_ENABLE_OBJC_ARC = YES;
				CLANG_WARN_BOOL_CONVERSION = YES;
				CLANG_WARN_CONSTANT_CONVERSION = YES;
				CLANG_WARN_DIRECT_OBJC_ISA_USAGE = YES_ERROR;
				CLANG_WARN_EMPTY_BODY = YES;
				CLANG_WARN_ENUM_CONVERSION = YES;
				CLANG_WARN_INT_CONVERSION = YES;
				CLANG_WARN_OBJC_ROOT_CLASS = YES_ERROR;
				CLANG_WARN_UNREACHABLE_CODE = YES;
				CLANG_WARN__DUPLICATE_METHOD_MATCH = YES;
				CODE_SIGN_IDENTITY = "-";
				COMBINE_HIDPI_IMAGES = YES;
				COPY_PHASE_STRIP = NO;
				DEBUG_INFORMATION_FORMAT = "dwarf-with-dsym";
				ENABLE_NS_ASSERTIONS = NO;
				ENABLE_STRICT_OBJC_MSGSEND = YES;
				GCC_C_LANGUAGE_STANDARD = gnu99;
				GCC_NO_COMMON_BLOCKS = YES;
				GCC_WARN_64_TO_32_BIT_CONVERSION = YES;
				GCC_WARN_ABOUT_RETURN_TYPE = YES_ERROR;
				GCC_WARN_UNDECLARED_SELECTOR = YES;
				GCC_WARN_UNINITIALIZED_AUTOS = YES_AGGRESSIVE;
				GCC_WARN_UNUSED_FUNCTION = YES;
				GCC_WARN_UNUSED_VARIABLE = YES;
				INFOPLIST_FILE = "C³Tests/Info.plist";
				LD_RUNPATH_SEARCH_PATHS = "$(inherited) @executable_path/../Frameworks @loader_path/../Frameworks";
				MACOSX_DEPLOYMENT_TARGET = 10.11;
				MTL_ENABLE_DEBUG_INFO = NO;
				PRODUCT_BUNDLE_IDENTIFIER = "com.organi2e.kn.kotan.C-Tests";
				PRODUCT_NAME = "$(TARGET_NAME)";
				SDKROOT = macosx;
			};
			name = Release;
		};
		87D3F1861D6CB1C300FA8C80 /* Debug */ = {
			isa = XCBuildConfiguration;
			buildSettings = {
				ALWAYS_SEARCH_USER_PATHS = NO;
				ASSETCATALOG_COMPILER_APPICON_NAME = AppIcon;
				CLANG_ANALYZER_NONNULL = YES;
				CLANG_CXX_LANGUAGE_STANDARD = "gnu++0x";
				CLANG_CXX_LIBRARY = "libc++";
				CLANG_ENABLE_MODULES = YES;
				CLANG_ENABLE_OBJC_ARC = YES;
				CLANG_WARN_BOOL_CONVERSION = YES;
				CLANG_WARN_CONSTANT_CONVERSION = YES;
				CLANG_WARN_DIRECT_OBJC_ISA_USAGE = YES_ERROR;
				CLANG_WARN_EMPTY_BODY = YES;
				CLANG_WARN_ENUM_CONVERSION = YES;
				CLANG_WARN_INT_CONVERSION = YES;
				CLANG_WARN_OBJC_ROOT_CLASS = YES_ERROR;
				CLANG_WARN_UNREACHABLE_CODE = YES;
				CLANG_WARN__DUPLICATE_METHOD_MATCH = YES;
				CODE_SIGN_IDENTITY = "-";
				COMBINE_HIDPI_IMAGES = YES;
				COPY_PHASE_STRIP = NO;
				DEBUG_INFORMATION_FORMAT = dwarf;
				ENABLE_STRICT_OBJC_MSGSEND = YES;
				ENABLE_TESTABILITY = YES;
				GCC_C_LANGUAGE_STANDARD = gnu99;
				GCC_DYNAMIC_NO_PIC = NO;
				GCC_NO_COMMON_BLOCKS = YES;
				GCC_OPTIMIZATION_LEVEL = 0;
				GCC_PREPROCESSOR_DEFINITIONS = (
					"DEBUG=1",
					"$(inherited)",
				);
				GCC_WARN_64_TO_32_BIT_CONVERSION = YES;
				GCC_WARN_ABOUT_RETURN_TYPE = YES_ERROR;
				GCC_WARN_UNDECLARED_SELECTOR = YES;
				GCC_WARN_UNINITIALIZED_AUTOS = YES_AGGRESSIVE;
				GCC_WARN_UNUSED_FUNCTION = YES;
				GCC_WARN_UNUSED_VARIABLE = YES;
				INFOPLIST_FILE = Analyzer/Info.plist;
				LD_RUNPATH_SEARCH_PATHS = "$(inherited) @executable_path/../Frameworks";
				MACOSX_DEPLOYMENT_TARGET = 10.11;
				MTL_ENABLE_DEBUG_INFO = YES;
				ONLY_ACTIVE_ARCH = YES;
				PRODUCT_BUNDLE_IDENTIFIER = com.organi2e.kn.kotan.Analyzer;
				PRODUCT_NAME = "$(TARGET_NAME)";
				SDKROOT = macosx;
				SWIFT_OPTIMIZATION_LEVEL = "-Onone";
			};
			name = Debug;
		};
		87D3F1871D6CB1C300FA8C80 /* Release */ = {
			isa = XCBuildConfiguration;
			buildSettings = {
				ALWAYS_SEARCH_USER_PATHS = NO;
				ASSETCATALOG_COMPILER_APPICON_NAME = AppIcon;
				CLANG_ANALYZER_NONNULL = YES;
				CLANG_CXX_LANGUAGE_STANDARD = "gnu++0x";
				CLANG_CXX_LIBRARY = "libc++";
				CLANG_ENABLE_MODULES = YES;
				CLANG_ENABLE_OBJC_ARC = YES;
				CLANG_WARN_BOOL_CONVERSION = YES;
				CLANG_WARN_CONSTANT_CONVERSION = YES;
				CLANG_WARN_DIRECT_OBJC_ISA_USAGE = YES_ERROR;
				CLANG_WARN_EMPTY_BODY = YES;
				CLANG_WARN_ENUM_CONVERSION = YES;
				CLANG_WARN_INT_CONVERSION = YES;
				CLANG_WARN_OBJC_ROOT_CLASS = YES_ERROR;
				CLANG_WARN_UNREACHABLE_CODE = YES;
				CLANG_WARN__DUPLICATE_METHOD_MATCH = YES;
				CODE_SIGN_IDENTITY = "-";
				COMBINE_HIDPI_IMAGES = YES;
				COPY_PHASE_STRIP = NO;
				DEBUG_INFORMATION_FORMAT = "dwarf-with-dsym";
				ENABLE_NS_ASSERTIONS = NO;
				ENABLE_STRICT_OBJC_MSGSEND = YES;
				GCC_C_LANGUAGE_STANDARD = gnu99;
				GCC_NO_COMMON_BLOCKS = YES;
				GCC_WARN_64_TO_32_BIT_CONVERSION = YES;
				GCC_WARN_ABOUT_RETURN_TYPE = YES_ERROR;
				GCC_WARN_UNDECLARED_SELECTOR = YES;
				GCC_WARN_UNINITIALIZED_AUTOS = YES_AGGRESSIVE;
				GCC_WARN_UNUSED_FUNCTION = YES;
				GCC_WARN_UNUSED_VARIABLE = YES;
				INFOPLIST_FILE = Analyzer/Info.plist;
				LD_RUNPATH_SEARCH_PATHS = "$(inherited) @executable_path/../Frameworks";
				MACOSX_DEPLOYMENT_TARGET = 10.11;
				MTL_ENABLE_DEBUG_INFO = NO;
				PRODUCT_BUNDLE_IDENTIFIER = com.organi2e.kn.kotan.Analyzer;
				PRODUCT_NAME = "$(TARGET_NAME)";
				SDKROOT = macosx;
			};
			name = Release;
		};
		87F2A6CB1D73C8190090A509 /* Debug */ = {
			isa = XCBuildConfiguration;
			buildSettings = {
				ALWAYS_SEARCH_USER_PATHS = NO;
				CLANG_ANALYZER_NONNULL = YES;
				CLANG_CXX_LANGUAGE_STANDARD = "gnu++0x";
				CLANG_CXX_LIBRARY = "libc++";
				CLANG_ENABLE_MODULES = YES;
				CLANG_ENABLE_OBJC_ARC = YES;
				CLANG_WARN_BOOL_CONVERSION = YES;
				CLANG_WARN_CONSTANT_CONVERSION = YES;
				CLANG_WARN_DIRECT_OBJC_ISA_USAGE = YES_ERROR;
				CLANG_WARN_EMPTY_BODY = YES;
				CLANG_WARN_ENUM_CONVERSION = YES;
				CLANG_WARN_INT_CONVERSION = YES;
				CLANG_WARN_OBJC_ROOT_CLASS = YES_ERROR;
				CLANG_WARN_UNREACHABLE_CODE = YES;
				CLANG_WARN__DUPLICATE_METHOD_MATCH = YES;
				CODE_SIGN_IDENTITY = "-";
				COPY_PHASE_STRIP = NO;
				DEBUG_INFORMATION_FORMAT = dwarf;
				ENABLE_STRICT_OBJC_MSGSEND = YES;
				ENABLE_TESTABILITY = YES;
				GCC_C_LANGUAGE_STANDARD = gnu99;
				GCC_DYNAMIC_NO_PIC = NO;
				GCC_NO_COMMON_BLOCKS = YES;
				GCC_OPTIMIZATION_LEVEL = fast;
				GCC_PREPROCESSOR_DEFINITIONS = (
					"DEBUG=1",
					"$(inherited)",
				);
				GCC_WARN_64_TO_32_BIT_CONVERSION = YES;
				GCC_WARN_ABOUT_RETURN_TYPE = YES_ERROR;
				GCC_WARN_UNDECLARED_SELECTOR = YES;
				GCC_WARN_UNINITIALIZED_AUTOS = YES_AGGRESSIVE;
				GCC_WARN_UNUSED_FUNCTION = YES;
				GCC_WARN_UNUSED_VARIABLE = YES;
				MACOSX_DEPLOYMENT_TARGET = 10.11;
				MTL_ENABLE_DEBUG_INFO = NO;
				ONLY_ACTIVE_ARCH = YES;
				PRODUCT_NAME = "$(TARGET_NAME)";
				SDKROOT = macosx;
				SWIFT_OPTIMIZATION_LEVEL = "-O";
			};
			name = Debug;
		};
		87F2A6CC1D73C8190090A509 /* Release */ = {
			isa = XCBuildConfiguration;
			buildSettings = {
				ALWAYS_SEARCH_USER_PATHS = NO;
				CLANG_ANALYZER_NONNULL = YES;
				CLANG_CXX_LANGUAGE_STANDARD = "gnu++0x";
				CLANG_CXX_LIBRARY = "libc++";
				CLANG_ENABLE_MODULES = YES;
				CLANG_ENABLE_OBJC_ARC = YES;
				CLANG_WARN_BOOL_CONVERSION = YES;
				CLANG_WARN_CONSTANT_CONVERSION = YES;
				CLANG_WARN_DIRECT_OBJC_ISA_USAGE = YES_ERROR;
				CLANG_WARN_EMPTY_BODY = YES;
				CLANG_WARN_ENUM_CONVERSION = YES;
				CLANG_WARN_INT_CONVERSION = YES;
				CLANG_WARN_OBJC_ROOT_CLASS = YES_ERROR;
				CLANG_WARN_UNREACHABLE_CODE = YES;
				CLANG_WARN__DUPLICATE_METHOD_MATCH = YES;
				CODE_SIGN_IDENTITY = "-";
				COPY_PHASE_STRIP = NO;
				DEBUG_INFORMATION_FORMAT = "dwarf-with-dsym";
				ENABLE_NS_ASSERTIONS = NO;
				ENABLE_STRICT_OBJC_MSGSEND = YES;
				GCC_C_LANGUAGE_STANDARD = gnu99;
				GCC_NO_COMMON_BLOCKS = YES;
				GCC_OPTIMIZATION_LEVEL = fast;
				GCC_WARN_64_TO_32_BIT_CONVERSION = YES;
				GCC_WARN_ABOUT_RETURN_TYPE = YES_ERROR;
				GCC_WARN_UNDECLARED_SELECTOR = YES;
				GCC_WARN_UNINITIALIZED_AUTOS = YES_AGGRESSIVE;
				GCC_WARN_UNUSED_FUNCTION = YES;
				GCC_WARN_UNUSED_VARIABLE = YES;
				MACOSX_DEPLOYMENT_TARGET = 10.11;
				MTL_ENABLE_DEBUG_INFO = NO;
				PRODUCT_NAME = "$(TARGET_NAME)";
				SDKROOT = macosx;
				SWIFT_OPTIMIZATION_LEVEL = "-O";
			};
			name = Release;
		};
/* End XCBuildConfiguration section */

/* Begin XCConfigurationList section */
		874347B21D6EF8E500B54F70 /* Build configuration list for PBXNativeTarget "CL3" */ = {
			isa = XCConfigurationList;
			buildConfigurations = (
				874347AE1D6EF8E500B54F70 /* Debug */,
				874347AF1D6EF8E500B54F70 /* Release */,
			);
			defaultConfigurationIsVisible = 0;
			defaultConfigurationName = Release;
		};
		874347B31D6EF8E500B54F70 /* Build configuration list for PBXNativeTarget "CL3Tests" */ = {
			isa = XCConfigurationList;
			buildConfigurations = (
				874347B01D6EF8E500B54F70 /* Debug */,
				874347B11D6EF8E500B54F70 /* Release */,
			);
			defaultConfigurationIsVisible = 0;
			defaultConfigurationName = Release;
		};
		875DD1DE1D6C5FC800A5C250 /* Build configuration list for PBXNativeTarget "CIFAR10" */ = {
			isa = XCConfigurationList;
			buildConfigurations = (
				875DD1DC1D6C5FC800A5C250 /* Debug */,
				875DD1DD1D6C5FC800A5C250 /* Release */,
			);
			defaultConfigurationIsVisible = 0;
			defaultConfigurationName = Release;
		};
		878C7A5B1D01AE4D002CDFD1 /* Build configuration list for PBXProject "Mac" */ = {
			isa = XCConfigurationList;
			buildConfigurations = (
				878C7A5C1D01AE4D002CDFD1 /* Debug */,
				878C7A5D1D01AE4D002CDFD1 /* Release */,
			);
			defaultConfigurationIsVisible = 0;
			defaultConfigurationName = Release;
		};
		878C7A9B1D01AF05002CDFD1 /* Build configuration list for PBXNativeTarget "sandbox" */ = {
			isa = XCConfigurationList;
			buildConfigurations = (
				878C7A9C1D01AF05002CDFD1 /* Debug */,
				878C7A9D1D01AF05002CDFD1 /* Release */,
			);
			defaultConfigurationIsVisible = 0;
			defaultConfigurationName = Release;
		};
		878C7AAC1D01AF13002CDFD1 /* Build configuration list for PBXNativeTarget "MNIST" */ = {
			isa = XCConfigurationList;
			buildConfigurations = (
				878C7AAD1D01AF13002CDFD1 /* Debug */,
				878C7AAE1D01AF13002CDFD1 /* Release */,
			);
			defaultConfigurationIsVisible = 0;
			defaultConfigurationName = Release;
		};
		87B1FD181D05461200981CF4 /* Build configuration list for PBXNativeTarget "C3" */ = {
			isa = XCConfigurationList;
			buildConfigurations = (
				87B1FD191D05461200981CF4 /* Debug */,
				87B1FD1A1D05461200981CF4 /* Release */,
			);
			defaultConfigurationIsVisible = 0;
			defaultConfigurationName = Release;
		};
		87B1FD1B1D05461200981CF4 /* Build configuration list for PBXNativeTarget "C3Tests" */ = {
			isa = XCConfigurationList;
			buildConfigurations = (
				87B1FD1C1D05461200981CF4 /* Debug */,
				87B1FD1D1D05461200981CF4 /* Release */,
			);
			defaultConfigurationIsVisible = 0;
			defaultConfigurationName = Release;
		};
		87D3F1851D6CB1C300FA8C80 /* Build configuration list for PBXNativeTarget "Analyzer" */ = {
			isa = XCConfigurationList;
			buildConfigurations = (
				87D3F1861D6CB1C300FA8C80 /* Debug */,
				87D3F1871D6CB1C300FA8C80 /* Release */,
			);
			defaultConfigurationIsVisible = 0;
			defaultConfigurationName = Release;
		};
		87F2A6CD1D73C8190090A509 /* Build configuration list for PBXNativeTarget "Experimental" */ = {
			isa = XCConfigurationList;
			buildConfigurations = (
				87F2A6CB1D73C8190090A509 /* Debug */,
				87F2A6CC1D73C8190090A509 /* Release */,
			);
			defaultConfigurationIsVisible = 0;
			defaultConfigurationName = Release;
		};
/* End XCConfigurationList section */

/* Begin XCVersionGroup section */
		87B1FD381D0546BF00981CF4 /* C³.xcdatamodeld */ = {
			isa = XCVersionGroup;
			children = (
				87B1FD391D0546BF00981CF4 /* C3.xcdatamodel */,
			);
			currentVersion = 87B1FD391D0546BF00981CF4 /* C3.xcdatamodel */;
			name = "C³.xcdatamodeld";
			path = "../../C³/C³.xcdatamodeld";
			sourceTree = "<group>";
			versionGroupType = wrapper.xcdatamodel;
		};
/* End XCVersionGroup section */
	};
	rootObject = 878C7A581D01AE4D002CDFD1 /* Project object */;
}
