// !$*UTF8*$!
{
	archiveVersion = 1;
	classes = {
	};
	objectVersion = 46;
	objects = {

/* Begin PBXContainerItemProxy section */
		87591B051D3C45F300BD9248 /* PBXContainerItemProxy */ = {
			isa = PBXContainerItemProxy;
			containerPortal = 878C7A5E1D01AE4D002CDFD1 /* Mac.xcodeproj */;
			proxyType = 2;
			remoteGlobalIDString = 87591AEC1D3C45E500BD9248;
			remoteInfo = Computer;
		};
		87591B071D3C45F300BD9248 /* PBXContainerItemProxy */ = {
			isa = PBXContainerItemProxy;
			containerPortal = 878C7A5E1D01AE4D002CDFD1 /* Mac.xcodeproj */;
			proxyType = 2;
			remoteGlobalIDString = 87591AF51D3C45E500BD9248;
			remoteInfo = ComputerTests;
		};
		878C7AB91D01AF25002CDFD1 /* PBXContainerItemProxy */ = {
			isa = PBXContainerItemProxy;
			containerPortal = 878C7A5E1D01AE4D002CDFD1 /* Mac.xcodeproj */;
			proxyType = 2;
			remoteGlobalIDString = 878C7A731D01AEEC002CDFD1;
			remoteInfo = C3;
		};
		878C7ABB1D01AF25002CDFD1 /* PBXContainerItemProxy */ = {
			isa = PBXContainerItemProxy;
			containerPortal = 878C7A5E1D01AE4D002CDFD1 /* Mac.xcodeproj */;
			proxyType = 2;
			remoteGlobalIDString = 878C7A7D1D01AEEC002CDFD1;
			remoteInfo = C3Tests;
		};
		878C7ABD1D01AF25002CDFD1 /* PBXContainerItemProxy */ = {
			isa = PBXContainerItemProxy;
			containerPortal = 878C7A5E1D01AE4D002CDFD1 /* Mac.xcodeproj */;
			proxyType = 2;
			remoteGlobalIDString = 878C7A8F1D01AF05002CDFD1;
			remoteInfo = sandbox;
		};
		878C7ABF1D01AF25002CDFD1 /* PBXContainerItemProxy */ = {
			isa = PBXContainerItemProxy;
			containerPortal = 878C7A5E1D01AE4D002CDFD1 /* Mac.xcodeproj */;
			proxyType = 2;
			remoteGlobalIDString = 878C7AA31D01AF13002CDFD1;
			remoteInfo = MNIST;
		};
		87C516CA1D3F728C00E3F36B /* PBXContainerItemProxy */ = {
			isa = PBXContainerItemProxy;
			containerPortal = 878C7A5E1D01AE4D002CDFD1 /* Mac.xcodeproj */;
			proxyType = 2;
			remoteGlobalIDString = 87C516AF1D3F687900E3F36B;
			remoteInfo = NLA;
		};
		87C516CC1D3F728C00E3F36B /* PBXContainerItemProxy */ = {
			isa = PBXContainerItemProxy;
			containerPortal = 878C7A5E1D01AE4D002CDFD1 /* Mac.xcodeproj */;
			proxyType = 2;
			remoteGlobalIDString = 87C516B81D3F687900E3F36B;
			remoteInfo = NLATests;
		};
/* End PBXContainerItemProxy section */

/* Begin PBXFileReference section */
		8719AE501D3DE08C00F8DCA4 /* cpuComputerTests.swift */ = {isa = PBXFileReference; lastKnownFileType = sourcecode.swift; name = cpuComputerTests.swift; path = Computer/cpuComputerTests.swift; sourceTree = "<group>"; };
		8719AE591D3DE0BB00F8DCA4 /* mtlComputerTests.swift */ = {isa = PBXFileReference; lastKnownFileType = sourcecode.swift; name = mtlComputerTests.swift; path = Computer/mtlComputerTests.swift; sourceTree = "<group>"; };
		8740E9161D409B7F0026D1CA /* Special.metal */ = {isa = PBXFileReference; lastKnownFileType = sourcecode.metal; name = Special.metal; path = NLA/Special.metal; sourceTree = "<group>"; };
		874F0BC41D3FC4C0005A2B62 /* AsyncValue.swift */ = {isa = PBXFileReference; lastKnownFileType = sourcecode.swift; name = AsyncValue.swift; path = NLA/AsyncValue.swift; sourceTree = "<group>"; };
		87591AE11D3C45C400BD9248 /* blas.metal */ = {isa = PBXFileReference; lastKnownFileType = sourcecode.metal; name = blas.metal; path = Computer/blas.metal; sourceTree = "<group>"; };
		87591AE21D3C45C400BD9248 /* Buffer.swift */ = {isa = PBXFileReference; lastKnownFileType = sourcecode.swift; name = Buffer.swift; path = Computer/Buffer.swift; sourceTree = "<group>"; };
		87591AE31D3C45C400BD9248 /* common.metal */ = {isa = PBXFileReference; lastKnownFileType = sourcecode.metal; name = common.metal; path = Computer/common.metal; sourceTree = "<group>"; };
		87591AE41D3C45C400BD9248 /* Computer.swift */ = {isa = PBXFileReference; lastKnownFileType = sourcecode.swift; name = Computer.swift; path = Computer/Computer.swift; sourceTree = "<group>"; };
		87591AE51D3C45C400BD9248 /* statistics.metal */ = {isa = PBXFileReference; lastKnownFileType = sourcecode.metal; name = statistics.metal; path = Computer/statistics.metal; sourceTree = "<group>"; };
		87591AE61D3C45C400BD9248 /* math.metal */ = {isa = PBXFileReference; lastKnownFileType = sourcecode.metal; name = math.metal; path = Computer/math.metal; sourceTree = "<group>"; };
		87591B151D3C472100BD9248 /* Config.swift */ = {isa = PBXFileReference; lastKnownFileType = sourcecode.swift; name = Config.swift; path = Computer/Config.swift; sourceTree = "<group>"; };
		87591B181D3C48A200BD9248 /* cpuComputer.swift */ = {isa = PBXFileReference; lastKnownFileType = sourcecode.swift; name = cpuComputer.swift; path = Computer/cpuComputer.swift; sourceTree = "<group>"; };
		87591B191D3C48B000BD9248 /* mtlComputer.swift */ = {isa = PBXFileReference; lastKnownFileType = sourcecode.swift; name = mtlComputer.swift; path = Computer/mtlComputer.swift; sourceTree = "<group>"; };
		878985B71D050D42002C2A8D /* C3.xcdatamodel */ = {isa = PBXFileReference; lastKnownFileType = wrapper.xcdatamodel; path = C3.xcdatamodel; sourceTree = "<group>"; };
		878985B81D050D42002C2A8D /* Cell.swift */ = {isa = PBXFileReference; lastKnownFileType = sourcecode.swift; name = Cell.swift; path = "C³/Cell.swift"; sourceTree = "<group>"; };
		878985B91D050D42002C2A8D /* Config.swift */ = {isa = PBXFileReference; lastKnownFileType = sourcecode.swift; name = Config.swift; path = "C³/Config.swift"; sourceTree = "<group>"; };
		878985BA1D050D42002C2A8D /* Context.swift */ = {isa = PBXFileReference; lastKnownFileType = sourcecode.swift; name = Context.swift; path = "C³/Context.swift"; sourceTree = "<group>"; };
		878985BB1D050D42002C2A8D /* Dict.swift */ = {isa = PBXFileReference; lastKnownFileType = sourcecode.swift; name = Dict.swift; path = "C³/Dict.swift"; sourceTree = "<group>"; };
		878985BC1D050D42002C2A8D /* Edge.swift */ = {isa = PBXFileReference; lastKnownFileType = sourcecode.swift; name = Edge.swift; path = "C³/Edge.swift"; sourceTree = "<group>"; };
		878985BD1D050D42002C2A8D /* Error.swift */ = {isa = PBXFileReference; lastKnownFileType = sourcecode.swift; name = Error.swift; path = "C³/Error.swift"; sourceTree = "<group>"; };
		878C7A5E1D01AE4D002CDFD1 /* Mac.xcodeproj */ = {isa = PBXFileReference; lastKnownFileType = "wrapper.pb-project"; name = Mac.xcodeproj; path = Mac/Mac.xcodeproj; sourceTree = "<group>"; };
		878C7A681D01AE5E002CDFD1 /* iOS.xcodeproj */ = {isa = PBXFileReference; lastKnownFileType = "wrapper.pb-project"; name = iOS.xcodeproj; path = iOS/iOS.xcodeproj; sourceTree = "<group>"; };
		878C7AC11D01AF60002CDFD1 /* MNIST.swift */ = {isa = PBXFileReference; lastKnownFileType = sourcecode.swift; name = MNIST.swift; path = MNIST/MNIST.swift; sourceTree = "<group>"; };
		878C7AC21D01AF60002CDFD1 /* t10k-images.idx3-ubyte */ = {isa = PBXFileReference; lastKnownFileType = file; name = "t10k-images.idx3-ubyte"; path = "MNIST/t10k-images.idx3-ubyte"; sourceTree = "<group>"; };
		878C7AC31D01AF60002CDFD1 /* t10k-labels.idx1-ubyte */ = {isa = PBXFileReference; lastKnownFileType = file; name = "t10k-labels.idx1-ubyte"; path = "MNIST/t10k-labels.idx1-ubyte"; sourceTree = "<group>"; };
		878C7AC41D01AF60002CDFD1 /* train-images.idx3-ubyte */ = {isa = PBXFileReference; lastKnownFileType = file; name = "train-images.idx3-ubyte"; path = "MNIST/train-images.idx3-ubyte"; sourceTree = "<group>"; };
		878C7AC51D01AF60002CDFD1 /* train-labels.idx1-ubyte */ = {isa = PBXFileReference; lastKnownFileType = file; name = "train-labels.idx1-ubyte"; path = "MNIST/train-labels.idx1-ubyte"; sourceTree = "<group>"; };
		87C516CE1D3F72B400E3F36B /* Statistics.metal */ = {isa = PBXFileReference; lastKnownFileType = sourcecode.metal; name = Statistics.metal; path = NLA/Statistics.metal; sourceTree = "<group>"; };
		87C516CF1D3F72E000E3F36B /* Unit.swift */ = {isa = PBXFileReference; lastKnownFileType = sourcecode.swift; name = Unit.swift; path = NLA/Unit.swift; sourceTree = "<group>"; };
		87C516D41D3F742500E3F36B /* Config.swift */ = {isa = PBXFileReference; lastKnownFileType = sourcecode.swift; name = Config.swift; path = NLA/Config.swift; sourceTree = "<group>"; };
		87C516D71D3F802C00E3F36B /* UnitTest.swift */ = {isa = PBXFileReference; lastKnownFileType = sourcecode.swift; name = UnitTest.swift; path = NLA/UnitTest.swift; sourceTree = "<group>"; };
		87D18E341D3F18BB00982020 /* LA.swift */ = {isa = PBXFileReference; fileEncoding = 4; lastKnownFileType = sourcecode.swift; name = LA.swift; path = "C³/LA.swift"; sourceTree = "<group>"; };
/* End PBXFileReference section */

/* Begin PBXGroup section */
		87591ADC1D3C451300BD9248 /* Computer */ = {
			isa = PBXGroup;
			children = (
				87591B151D3C472100BD9248 /* Config.swift */,
				87591AE41D3C45C400BD9248 /* Computer.swift */,
				87591AE21D3C45C400BD9248 /* Buffer.swift */,
				87591B181D3C48A200BD9248 /* cpuComputer.swift */,
				87591B191D3C48B000BD9248 /* mtlComputer.swift */,
				87591AE11D3C45C400BD9248 /* blas.metal */,
				87591AE31D3C45C400BD9248 /* common.metal */,
				87591AE51D3C45C400BD9248 /* statistics.metal */,
				87591AE61D3C45C400BD9248 /* math.metal */,
				8719AE501D3DE08C00F8DCA4 /* cpuComputerTests.swift */,
				8719AE591D3DE0BB00F8DCA4 /* mtlComputerTests.swift */,
			);
			name = Computer;
			sourceTree = "<group>";
		};
		878C7A501D01AE2E002CDFD1 = {
			isa = PBXGroup;
			children = (
				878C7A5E1D01AE4D002CDFD1 /* Mac.xcodeproj */,
				878C7A681D01AE5E002CDFD1 /* iOS.xcodeproj */,
				878C7A6B1D01AE66002CDFD1 /* C³ */,
				878C7A6C1D01AE7D002CDFD1 /* MNIST */,
				87591ADC1D3C451300BD9248 /* Computer */,
				87C516A81D3F680100E3F36B /* NLA */,
			);
			sourceTree = "<group>";
		};
		878C7A5F1D01AE4D002CDFD1 /* Products */ = {
			isa = PBXGroup;
			children = (
				878C7ABE1D01AF25002CDFD1 /* sandbox.app */,
				878C7AC01D01AF25002CDFD1 /* MNIST.framework */,
				878C7ABA1D01AF25002CDFD1 /* C3.framework */,
				878C7ABC1D01AF25002CDFD1 /* C3Tests.xctest */,
				87591B061D3C45F300BD9248 /* Computer.framework */,
				87591B081D3C45F300BD9248 /* ComputerTests.xctest */,
				87C516CB1D3F728C00E3F36B /* NLA.framework */,
				87C516CD1D3F728C00E3F36B /* NLATests.xctest */,
			);
			name = Products;
			sourceTree = "<group>";
		};
		878C7A691D01AE5E002CDFD1 /* Products */ = {
			isa = PBXGroup;
			children = (
			);
			name = Products;
			sourceTree = "<group>";
		};
		878C7A6B1D01AE66002CDFD1 /* C³ */ = {
			isa = PBXGroup;
			children = (
				878985B61D050D42002C2A8D /* C³.xcdatamodeld */,
				878985B81D050D42002C2A8D /* Cell.swift */,
				878985B91D050D42002C2A8D /* Config.swift */,
				878985BA1D050D42002C2A8D /* Context.swift */,
				878985BB1D050D42002C2A8D /* Dict.swift */,
				878985BC1D050D42002C2A8D /* Edge.swift */,
				878985BD1D050D42002C2A8D /* Error.swift */,
				87D18E341D3F18BB00982020 /* LA.swift */,
			);
			name = "C³";
			sourceTree = "<group>";
		};
		878C7A6C1D01AE7D002CDFD1 /* MNIST */ = {
			isa = PBXGroup;
			children = (
				878C7AC11D01AF60002CDFD1 /* MNIST.swift */,
				878C7AC21D01AF60002CDFD1 /* t10k-images.idx3-ubyte */,
				878C7AC31D01AF60002CDFD1 /* t10k-labels.idx1-ubyte */,
				878C7AC41D01AF60002CDFD1 /* train-images.idx3-ubyte */,
				878C7AC51D01AF60002CDFD1 /* train-labels.idx1-ubyte */,
			);
			name = MNIST;
			sourceTree = "<group>";
		};
		87C516A81D3F680100E3F36B /* NLA */ = {
			isa = PBXGroup;
			children = (
				87C516D41D3F742500E3F36B /* Config.swift */,
				87C516CF1D3F72E000E3F36B /* Unit.swift */,
				874F0BC41D3FC4C0005A2B62 /* AsyncValue.swift */,
				87C516CE1D3F72B400E3F36B /* Statistics.metal */,
				8740E9161D409B7F0026D1CA /* Special.metal */,
				87C516D71D3F802C00E3F36B /* UnitTest.swift */,
			);
			name = NLA;
			sourceTree = "<group>";
		};
/* End PBXGroup section */

/* Begin PBXProject section */
		878C7A511D01AE2F002CDFD1 /* Project object */ = {
			isa = PBXProject;
			attributes = {
				LastUpgradeCheck = 0730;
			};
			buildConfigurationList = 878C7A541D01AE2F002CDFD1 /* Build configuration list for PBXProject "C³" */;
			compatibilityVersion = "Xcode 3.2";
			developmentRegion = English;
			hasScannedForEncodings = 0;
			knownRegions = (
				en,
			);
			mainGroup = 878C7A501D01AE2E002CDFD1;
			projectDirPath = "";
			projectReferences = (
				{
					ProductGroup = 878C7A691D01AE5E002CDFD1 /* Products */;
					ProjectRef = 878C7A681D01AE5E002CDFD1 /* iOS.xcodeproj */;
				},
				{
					ProductGroup = 878C7A5F1D01AE4D002CDFD1 /* Products */;
					ProjectRef = 878C7A5E1D01AE4D002CDFD1 /* Mac.xcodeproj */;
				},
			);
			projectRoot = "";
			targets = (
			);
		};
/* End PBXProject section */

/* Begin PBXReferenceProxy section */
		87591B061D3C45F300BD9248 /* Computer.framework */ = {
			isa = PBXReferenceProxy;
			fileType = wrapper.framework;
			path = Computer.framework;
			remoteRef = 87591B051D3C45F300BD9248 /* PBXContainerItemProxy */;
			sourceTree = BUILT_PRODUCTS_DIR;
		};
		87591B081D3C45F300BD9248 /* ComputerTests.xctest */ = {
			isa = PBXReferenceProxy;
			fileType = wrapper.cfbundle;
			path = ComputerTests.xctest;
			remoteRef = 87591B071D3C45F300BD9248 /* PBXContainerItemProxy */;
			sourceTree = BUILT_PRODUCTS_DIR;
		};
		878C7ABA1D01AF25002CDFD1 /* C3.framework */ = {
			isa = PBXReferenceProxy;
			fileType = wrapper.framework;
			path = C3.framework;
			remoteRef = 878C7AB91D01AF25002CDFD1 /* PBXContainerItemProxy */;
			sourceTree = BUILT_PRODUCTS_DIR;
		};
		878C7ABC1D01AF25002CDFD1 /* C3Tests.xctest */ = {
			isa = PBXReferenceProxy;
			fileType = wrapper.cfbundle;
			path = C3Tests.xctest;
			remoteRef = 878C7ABB1D01AF25002CDFD1 /* PBXContainerItemProxy */;
			sourceTree = BUILT_PRODUCTS_DIR;
		};
		878C7ABE1D01AF25002CDFD1 /* sandbox.app */ = {
			isa = PBXReferenceProxy;
			fileType = wrapper.application;
			path = sandbox.app;
			remoteRef = 878C7ABD1D01AF25002CDFD1 /* PBXContainerItemProxy */;
			sourceTree = BUILT_PRODUCTS_DIR;
		};
		878C7AC01D01AF25002CDFD1 /* MNIST.framework */ = {
			isa = PBXReferenceProxy;
			fileType = wrapper.framework;
			path = MNIST.framework;
			remoteRef = 878C7ABF1D01AF25002CDFD1 /* PBXContainerItemProxy */;
			sourceTree = BUILT_PRODUCTS_DIR;
		};
		87C516CB1D3F728C00E3F36B /* NLA.framework */ = {
			isa = PBXReferenceProxy;
			fileType = wrapper.framework;
			path = NLA.framework;
			remoteRef = 87C516CA1D3F728C00E3F36B /* PBXContainerItemProxy */;
			sourceTree = BUILT_PRODUCTS_DIR;
		};
		87C516CD1D3F728C00E3F36B /* NLATests.xctest */ = {
			isa = PBXReferenceProxy;
			fileType = wrapper.cfbundle;
			path = NLATests.xctest;
			remoteRef = 87C516CC1D3F728C00E3F36B /* PBXContainerItemProxy */;
			sourceTree = BUILT_PRODUCTS_DIR;
		};
/* End PBXReferenceProxy section */

/* Begin XCBuildConfiguration section */
		878C7A551D01AE2F002CDFD1 /* Debug */ = {
			isa = XCBuildConfiguration;
			buildSettings = {
			};
			name = Debug;
		};
		878C7A561D01AE2F002CDFD1 /* Release */ = {
			isa = XCBuildConfiguration;
			buildSettings = {
			};
			name = Release;
		};
/* End XCBuildConfiguration section */

/* Begin XCConfigurationList section */
		878C7A541D01AE2F002CDFD1 /* Build configuration list for PBXProject "C³" */ = {
			isa = XCConfigurationList;
			buildConfigurations = (
				878C7A551D01AE2F002CDFD1 /* Debug */,
				878C7A561D01AE2F002CDFD1 /* Release */,
			);
			defaultConfigurationIsVisible = 0;
			defaultConfigurationName = Release;
		};
/* End XCConfigurationList section */

/* Begin XCVersionGroup section */
		878985B61D050D42002C2A8D /* C³.xcdatamodeld */ = {
			isa = XCVersionGroup;
			children = (
				878985B71D050D42002C2A8D /* C3.xcdatamodel */,
			);
			currentVersion = 878985B71D050D42002C2A8D /* C3.xcdatamodel */;
			name = "C³.xcdatamodeld";
			path = "C³/C³.xcdatamodeld";
			sourceTree = "<group>";
			versionGroupType = wrapper.xcdatamodel;
		};
/* End XCVersionGroup section */
	};
	rootObject = 878C7A511D01AE2F002CDFD1 /* Project object */;
}
